
Microsoft Visual Studio Solution File, Format Version 12.00
# Visual Studio 15
VisualStudioVersion = 15.0.26124.0
MinimumVisualStudioVersion = 15.0.26124.0
Project("{2150E333-8FDC-42A3-9474-1A3956D46DE8}") = "src", "src", "{E942E23C-7A77-49AF-B9BD-45473F27F148}"
EndProject
Project("{FAE04EC0-301F-11D3-BF4B-00C04F79EFBC}") = "Tug.Base", "src\Tug.Base\Tug.Base.csproj", "{93C490C7-854F-499C-90DA-3E96FB8E66F5}"
EndProject
Project("{2150E333-8FDC-42A3-9474-1A3956D46DE8}") = "test", "test", "{CA27A14E-1969-497C-B46B-000451E9EAEC}"
EndProject
Project("{FAE04EC0-301F-11D3-BF4B-00C04F79EFBC}") = "Tug.UnitTesting", "test\Tug.UnitTesting\Tug.UnitTesting.csproj", "{4E0B3B69-C567-42E5-929E-AB476D6B2AE0}"
EndProject
Project("{FAE04EC0-301F-11D3-BF4B-00C04F79EFBC}") = "Tug.Ext-tests", "test\Tug.Ext-tests\Tug.Ext-tests.csproj", "{8D70F2C9-4BED-4BA6-8684-F9E385BC6089}"
EndProject
Project("{FAE04EC0-301F-11D3-BF4B-00C04F79EFBC}") = "Tug.Ext-tests-aux", "test\Tug.Ext-tests-aux\Tug.Ext-tests-aux.csproj", "{6B61E75D-6B59-465A-9622-37E27F3109B0}"
EndProject
Project("{2150E333-8FDC-42A3-9474-1A3956D46DE8}") = "bundles", "bundles", "{D72E486E-B585-4AC8-9CDC-E6AA50BD1E6D}"
EndProject
Project("{FAE04EC0-301F-11D3-BF4B-00C04F79EFBC}") = "Tug.Server-ps5", "src\bundles\Tug.Server-ps5\Tug.Server-ps5.csproj", "{DF75F175-4C60-41F6-8DF3-09B15EAFF142}"
EndProject
Global
	GlobalSection(SolutionConfigurationPlatforms) = preSolution
		Debug|Any CPU = Debug|Any CPU
		Debug|x64 = Debug|x64
		Debug|x86 = Debug|x86
		Release|Any CPU = Release|Any CPU
		Release|x64 = Release|x64
		Release|x86 = Release|x86
	EndGlobalSection
	GlobalSection(SolutionProperties) = preSolution
		HideSolutionNode = FALSE
	EndGlobalSection
	GlobalSection(ProjectConfigurationPlatforms) = postSolution
		{93C490C7-854F-499C-90DA-3E96FB8E66F5}.Debug|Any CPU.ActiveCfg = Debug|Any CPU
		{93C490C7-854F-499C-90DA-3E96FB8E66F5}.Debug|Any CPU.Build.0 = Debug|Any CPU
		{93C490C7-854F-499C-90DA-3E96FB8E66F5}.Debug|x64.ActiveCfg = Debug|x64
		{93C490C7-854F-499C-90DA-3E96FB8E66F5}.Debug|x64.Build.0 = Debug|x64
		{93C490C7-854F-499C-90DA-3E96FB8E66F5}.Debug|x86.ActiveCfg = Debug|x86
		{93C490C7-854F-499C-90DA-3E96FB8E66F5}.Debug|x86.Build.0 = Debug|x86
		{93C490C7-854F-499C-90DA-3E96FB8E66F5}.Release|Any CPU.ActiveCfg = Release|Any CPU
		{93C490C7-854F-499C-90DA-3E96FB8E66F5}.Release|Any CPU.Build.0 = Release|Any CPU
		{93C490C7-854F-499C-90DA-3E96FB8E66F5}.Release|x64.ActiveCfg = Release|x64
		{93C490C7-854F-499C-90DA-3E96FB8E66F5}.Release|x64.Build.0 = Release|x64
		{93C490C7-854F-499C-90DA-3E96FB8E66F5}.Release|x86.ActiveCfg = Release|x86
		{93C490C7-854F-499C-90DA-3E96FB8E66F5}.Release|x86.Build.0 = Release|x86
		{4E0B3B69-C567-42E5-929E-AB476D6B2AE0}.Debug|Any CPU.ActiveCfg = Debug|Any CPU
		{4E0B3B69-C567-42E5-929E-AB476D6B2AE0}.Debug|Any CPU.Build.0 = Debug|Any CPU
		{4E0B3B69-C567-42E5-929E-AB476D6B2AE0}.Debug|x64.ActiveCfg = Debug|x64
		{4E0B3B69-C567-42E5-929E-AB476D6B2AE0}.Debug|x64.Build.0 = Debug|x64
		{4E0B3B69-C567-42E5-929E-AB476D6B2AE0}.Debug|x86.ActiveCfg = Debug|x86
		{4E0B3B69-C567-42E5-929E-AB476D6B2AE0}.Debug|x86.Build.0 = Debug|x86
		{4E0B3B69-C567-42E5-929E-AB476D6B2AE0}.Release|Any CPU.ActiveCfg = Release|Any CPU
		{4E0B3B69-C567-42E5-929E-AB476D6B2AE0}.Release|Any CPU.Build.0 = Release|Any CPU
		{4E0B3B69-C567-42E5-929E-AB476D6B2AE0}.Release|x64.ActiveCfg = Release|x64
		{4E0B3B69-C567-42E5-929E-AB476D6B2AE0}.Release|x64.Build.0 = Release|x64
		{4E0B3B69-C567-42E5-929E-AB476D6B2AE0}.Release|x86.ActiveCfg = Release|x86
		{4E0B3B69-C567-42E5-929E-AB476D6B2AE0}.Release|x86.Build.0 = Release|x86
		{8D70F2C9-4BED-4BA6-8684-F9E385BC6089}.Debug|Any CPU.ActiveCfg = Debug|Any CPU
		{8D70F2C9-4BED-4BA6-8684-F9E385BC6089}.Debug|Any CPU.Build.0 = Debug|Any CPU
		{8D70F2C9-4BED-4BA6-8684-F9E385BC6089}.Debug|x64.ActiveCfg = Debug|x64
		{8D70F2C9-4BED-4BA6-8684-F9E385BC6089}.Debug|x64.Build.0 = Debug|x64
		{8D70F2C9-4BED-4BA6-8684-F9E385BC6089}.Debug|x86.ActiveCfg = Debug|x86
		{8D70F2C9-4BED-4BA6-8684-F9E385BC6089}.Debug|x86.Build.0 = Debug|x86
		{8D70F2C9-4BED-4BA6-8684-F9E385BC6089}.Release|Any CPU.ActiveCfg = Release|Any CPU
		{8D70F2C9-4BED-4BA6-8684-F9E385BC6089}.Release|Any CPU.Build.0 = Release|Any CPU
		{8D70F2C9-4BED-4BA6-8684-F9E385BC6089}.Release|x64.ActiveCfg = Release|x64
		{8D70F2C9-4BED-4BA6-8684-F9E385BC6089}.Release|x64.Build.0 = Release|x64
		{8D70F2C9-4BED-4BA6-8684-F9E385BC6089}.Release|x86.ActiveCfg = Release|x86
		{8D70F2C9-4BED-4BA6-8684-F9E385BC6089}.Release|x86.Build.0 = Release|x86
		{6B61E75D-6B59-465A-9622-37E27F3109B0}.Debug|Any CPU.ActiveCfg = Debug|Any CPU
		{6B61E75D-6B59-465A-9622-37E27F3109B0}.Debug|Any CPU.Build.0 = Debug|Any CPU
		{6B61E75D-6B59-465A-9622-37E27F3109B0}.Debug|x64.ActiveCfg = Debug|x64
		{6B61E75D-6B59-465A-9622-37E27F3109B0}.Debug|x64.Build.0 = Debug|x64
		{6B61E75D-6B59-465A-9622-37E27F3109B0}.Debug|x86.ActiveCfg = Debug|x86
		{6B61E75D-6B59-465A-9622-37E27F3109B0}.Debug|x86.Build.0 = Debug|x86
		{6B61E75D-6B59-465A-9622-37E27F3109B0}.Release|Any CPU.ActiveCfg = Release|Any CPU
		{6B61E75D-6B59-465A-9622-37E27F3109B0}.Release|Any CPU.Build.0 = Release|Any CPU
		{6B61E75D-6B59-465A-9622-37E27F3109B0}.Release|x64.ActiveCfg = Release|x64
		{6B61E75D-6B59-465A-9622-37E27F3109B0}.Release|x64.Build.0 = Release|x64
		{6B61E75D-6B59-465A-9622-37E27F3109B0}.Release|x86.ActiveCfg = Release|x86
		{6B61E75D-6B59-465A-9622-37E27F3109B0}.Release|x86.Build.0 = Release|x86
		{DF75F175-4C60-41F6-8DF3-09B15EAFF142}.Debug|Any CPU.ActiveCfg = Debug|Any CPU
		{DF75F175-4C60-41F6-8DF3-09B15EAFF142}.Debug|Any CPU.Build.0 = Debug|Any CPU
		{DF75F175-4C60-41F6-8DF3-09B15EAFF142}.Debug|x64.ActiveCfg = Debug|x64
		{DF75F175-4C60-41F6-8DF3-09B15EAFF142}.Debug|x64.Build.0 = Debug|x64
		{DF75F175-4C60-41F6-8DF3-09B15EAFF142}.Debug|x86.ActiveCfg = Debug|x86
		{DF75F175-4C60-41F6-8DF3-09B15EAFF142}.Debug|x86.Build.0 = Debug|x86
		{DF75F175-4C60-41F6-8DF3-09B15EAFF142}.Release|Any CPU.ActiveCfg = Release|Any CPU
		{DF75F175-4C60-41F6-8DF3-09B15EAFF142}.Release|Any CPU.Build.0 = Release|Any CPU
		{DF75F175-4C60-41F6-8DF3-09B15EAFF142}.Release|x64.ActiveCfg = Release|x64
		{DF75F175-4C60-41F6-8DF3-09B15EAFF142}.Release|x64.Build.0 = Release|x64
		{DF75F175-4C60-41F6-8DF3-09B15EAFF142}.Release|x86.ActiveCfg = Release|x86
		{DF75F175-4C60-41F6-8DF3-09B15EAFF142}.Release|x86.Build.0 = Release|x86
	EndGlobalSection
	GlobalSection(NestedProjects) = preSolution
		{93C490C7-854F-499C-90DA-3E96FB8E66F5} = {E942E23C-7A77-49AF-B9BD-45473F27F148}
		{4E0B3B69-C567-42E5-929E-AB476D6B2AE0} = {CA27A14E-1969-497C-B46B-000451E9EAEC}
		{8D70F2C9-4BED-4BA6-8684-F9E385BC6089} = {CA27A14E-1969-497C-B46B-000451E9EAEC}
		{6B61E75D-6B59-465A-9622-37E27F3109B0} = {CA27A14E-1969-497C-B46B-000451E9EAEC}
		{D72E486E-B585-4AC8-9CDC-E6AA50BD1E6D} = {E942E23C-7A77-49AF-B9BD-45473F27F148}
		{DF75F175-4C60-41F6-8DF3-09B15EAFF142} = {D72E486E-B585-4AC8-9CDC-E6AA50BD1E6D}
	EndGlobalSection
EndGlobal
