Microsoft Visual Studio Solution File, Format Version 12.00
# Visual Studio 15
VisualStudioVersion = 15.0.26228.12
MinimumVisualStudioVersion = 15.0.26124.0
Project("{2150E333-8FDC-42A3-9474-1A3956D46DE8}") = "src", "src", "{A9DD4C51-33AC-4892-823E-2E698D16BBCB}"
EndProject
Project("{FAE04EC0-301F-11D3-BF4B-00C04F79EFBC}") = "Tug.Base", "src\Tug.Base\Tug.Base.csproj", "{A2B5047A-29CA-4623-853C-DBB753D50A5D}"
EndProject
Project("{FAE04EC0-301F-11D3-BF4B-00C04F79EFBC}") = "Tug.Server.Base", "src\Tug.Server.Base\Tug.Server.Base.csproj", "{6F74529F-A287-4370-977F-CB8165701819}"
EndProject
Project("{FAE04EC0-301F-11D3-BF4B-00C04F79EFBC}") = "Tug.Client", "src\Tug.Client\Tug.Client.csproj", "{DC8DD189-4595-4AED-8D5D-8E11A34FAFF5}"
EndProject
Project("{FAE04EC0-301F-11D3-BF4B-00C04F79EFBC}") = "Tug.Server", "src\Tug.Server\Tug.Server.csproj", "{ACC6068A-051D-4058-BA4E-DE4D61E66349}"
EndProject
Project("{FAE04EC0-301F-11D3-BF4B-00C04F79EFBC}") = "Tug.Server.Providers.Ps5DscHandler", "src\Tug.Server.Providers.Ps5DscHandler\Tug.Server.Providers.Ps5DscHandler.csproj", "{C7ADC0F6-7F8D-4FEC-A51C-0C340827CCE6}"
EndProject
Project("{FAE04EC0-301F-11D3-BF4B-00C04F79EFBC}") = "Tug.Server.FaaS.AwsLambda", "src\Tug.Server.FaaS.AwsLambda\Tug.Server.FaaS.AwsLambda.csproj", "{4678DA22-C722-4ADF-9CE9-9606337B431D}"
EndProject
Project("{2150E333-8FDC-42A3-9474-1A3956D46DE8}") = "test", "test", "{9C4D5A9D-5216-4970-8CD2-EB2AA0EDE92C}"
EndProject
Project("{FAE04EC0-301F-11D3-BF4B-00C04F79EFBC}") = "Tug.UnitTesting", "test\Tug.UnitTesting\Tug.UnitTesting.csproj", "{90AC206C-0806-400D-9F0D-4F333A833E31}"
EndProject
Project("{FAE04EC0-301F-11D3-BF4B-00C04F79EFBC}") = "Tug.Ext-tests", "test\Tug.Ext-tests\Tug.Ext-tests.csproj", "{2ED9E443-F14E-4522-B659-56E3BB26B725}"
EndProject
Project("{FAE04EC0-301F-11D3-BF4B-00C04F79EFBC}") = "Tug.Ext-tests-aux", "test\Tug.Ext-tests-aux\Tug.Ext-tests-aux.csproj", "{14283B4C-3E67-4345-BC5C-9650D84FF6F4}"
EndProject
Project("{2150E333-8FDC-42A3-9474-1A3956D46DE8}") = "client", "client", "{761B2BAD-F410-4173-BB78-F30A8ADF8AB6}"
EndProject
Project("{FAE04EC0-301F-11D3-BF4B-00C04F79EFBC}") = "Tug.Client-tests", "test\client\Tug.Client-tests\Tug.Client-tests.csproj", "{B1ED792C-D0DC-42DC-AB55-C1F8E7154E16}"
EndProject
Project("{2150E333-8FDC-42A3-9474-1A3956D46DE8}") = "server", "server", "{4B384BC8-CB94-4736-940B-9A3400A60250}"
EndProject
Project("{FAE04EC0-301F-11D3-BF4B-00C04F79EFBC}") = "Tug.Server-itests", "test\server\Tug.Server-itests\Tug.Server-itests.csproj", "{51380C98-5774-4C41-B91D-DA45C0B63CAB}"
EndProject
Project("{FAE04EC0-301F-11D3-BF4B-00C04F79EFBC}") = "Tug.Server.FaaS.AwsLambda-tests", "test\server\Tug.Server.FaaS.AwsLambda-tests\Tug.Server.FaaS.AwsLambda-tests.csproj", "{17F80987-D066-4BF7-ADA0-A27FE59E8F26}"
EndProject
Global
	GlobalSection(SolutionConfigurationPlatforms) = preSolution
		Debug|Any CPU = Debug|Any CPU
		Debug|x64 = Debug|x64
		Debug|x86 = Debug|x86
		Release|Any CPU = Release|Any CPU
		Release|x64 = Release|x64
		Release|x86 = Release|x86
	EndGlobalSection
	GlobalSection(ProjectConfigurationPlatforms) = postSolution
		{A2B5047A-29CA-4623-853C-DBB753D50A5D}.Debug|Any CPU.ActiveCfg = Debug|Any CPU
		{A2B5047A-29CA-4623-853C-DBB753D50A5D}.Debug|Any CPU.Build.0 = Debug|Any CPU
		{A2B5047A-29CA-4623-853C-DBB753D50A5D}.Debug|x64.ActiveCfg = Debug|Any CPU
		{A2B5047A-29CA-4623-853C-DBB753D50A5D}.Debug|x64.Build.0 = Debug|Any CPU
		{A2B5047A-29CA-4623-853C-DBB753D50A5D}.Debug|x86.ActiveCfg = Debug|Any CPU
		{A2B5047A-29CA-4623-853C-DBB753D50A5D}.Debug|x86.Build.0 = Debug|Any CPU
		{A2B5047A-29CA-4623-853C-DBB753D50A5D}.Release|Any CPU.ActiveCfg = Release|Any CPU
		{A2B5047A-29CA-4623-853C-DBB753D50A5D}.Release|Any CPU.Build.0 = Release|Any CPU
		{A2B5047A-29CA-4623-853C-DBB753D50A5D}.Release|x64.ActiveCfg = Release|Any CPU
		{A2B5047A-29CA-4623-853C-DBB753D50A5D}.Release|x64.Build.0 = Release|Any CPU
		{A2B5047A-29CA-4623-853C-DBB753D50A5D}.Release|x86.ActiveCfg = Release|Any CPU
		{A2B5047A-29CA-4623-853C-DBB753D50A5D}.Release|x86.Build.0 = Release|Any CPU
		{6F74529F-A287-4370-977F-CB8165701819}.Debug|Any CPU.ActiveCfg = Debug|Any CPU
		{6F74529F-A287-4370-977F-CB8165701819}.Debug|Any CPU.Build.0 = Debug|Any CPU
		{6F74529F-A287-4370-977F-CB8165701819}.Debug|x64.ActiveCfg = Debug|Any CPU
		{6F74529F-A287-4370-977F-CB8165701819}.Debug|x64.Build.0 = Debug|Any CPU
		{6F74529F-A287-4370-977F-CB8165701819}.Debug|x86.ActiveCfg = Debug|Any CPU
		{6F74529F-A287-4370-977F-CB8165701819}.Debug|x86.Build.0 = Debug|Any CPU
		{6F74529F-A287-4370-977F-CB8165701819}.Release|Any CPU.ActiveCfg = Release|Any CPU
		{6F74529F-A287-4370-977F-CB8165701819}.Release|Any CPU.Build.0 = Release|Any CPU
		{6F74529F-A287-4370-977F-CB8165701819}.Release|x64.ActiveCfg = Release|Any CPU
		{6F74529F-A287-4370-977F-CB8165701819}.Release|x64.Build.0 = Release|Any CPU
		{6F74529F-A287-4370-977F-CB8165701819}.Release|x86.ActiveCfg = Release|Any CPU
		{6F74529F-A287-4370-977F-CB8165701819}.Release|x86.Build.0 = Release|Any CPU
		{DC8DD189-4595-4AED-8D5D-8E11A34FAFF5}.Debug|Any CPU.ActiveCfg = Debug|Any CPU
		{DC8DD189-4595-4AED-8D5D-8E11A34FAFF5}.Debug|Any CPU.Build.0 = Debug|Any CPU
		{DC8DD189-4595-4AED-8D5D-8E11A34FAFF5}.Debug|x64.ActiveCfg = Debug|Any CPU
		{DC8DD189-4595-4AED-8D5D-8E11A34FAFF5}.Debug|x64.Build.0 = Debug|Any CPU
		{DC8DD189-4595-4AED-8D5D-8E11A34FAFF5}.Debug|x86.ActiveCfg = Debug|Any CPU
		{DC8DD189-4595-4AED-8D5D-8E11A34FAFF5}.Debug|x86.Build.0 = Debug|Any CPU
		{DC8DD189-4595-4AED-8D5D-8E11A34FAFF5}.Release|Any CPU.ActiveCfg = Release|Any CPU
		{DC8DD189-4595-4AED-8D5D-8E11A34FAFF5}.Release|Any CPU.Build.0 = Release|Any CPU
		{DC8DD189-4595-4AED-8D5D-8E11A34FAFF5}.Release|x64.ActiveCfg = Release|Any CPU
		{DC8DD189-4595-4AED-8D5D-8E11A34FAFF5}.Release|x64.Build.0 = Release|Any CPU
		{DC8DD189-4595-4AED-8D5D-8E11A34FAFF5}.Release|x86.ActiveCfg = Release|Any CPU
		{DC8DD189-4595-4AED-8D5D-8E11A34FAFF5}.Release|x86.Build.0 = Release|Any CPU
		{ACC6068A-051D-4058-BA4E-DE4D61E66349}.Debug|Any CPU.ActiveCfg = Debug|Any CPU
		{ACC6068A-051D-4058-BA4E-DE4D61E66349}.Debug|Any CPU.Build.0 = Debug|Any CPU
		{ACC6068A-051D-4058-BA4E-DE4D61E66349}.Debug|x64.ActiveCfg = Debug|Any CPU
		{ACC6068A-051D-4058-BA4E-DE4D61E66349}.Debug|x64.Build.0 = Debug|Any CPU
		{ACC6068A-051D-4058-BA4E-DE4D61E66349}.Debug|x86.ActiveCfg = Debug|Any CPU
		{ACC6068A-051D-4058-BA4E-DE4D61E66349}.Debug|x86.Build.0 = Debug|Any CPU
		{ACC6068A-051D-4058-BA4E-DE4D61E66349}.Release|Any CPU.ActiveCfg = Release|Any CPU
		{ACC6068A-051D-4058-BA4E-DE4D61E66349}.Release|Any CPU.Build.0 = Release|Any CPU
		{ACC6068A-051D-4058-BA4E-DE4D61E66349}.Release|x64.ActiveCfg = Release|Any CPU
		{ACC6068A-051D-4058-BA4E-DE4D61E66349}.Release|x64.Build.0 = Release|Any CPU
		{ACC6068A-051D-4058-BA4E-DE4D61E66349}.Release|x86.ActiveCfg = Release|Any CPU
		{ACC6068A-051D-4058-BA4E-DE4D61E66349}.Release|x86.Build.0 = Release|Any CPU
		{C7ADC0F6-7F8D-4FEC-A51C-0C340827CCE6}.Debug|Any CPU.ActiveCfg = Debug|Any CPU
		{C7ADC0F6-7F8D-4FEC-A51C-0C340827CCE6}.Debug|Any CPU.Build.0 = Debug|Any CPU
		{C7ADC0F6-7F8D-4FEC-A51C-0C340827CCE6}.Debug|x64.ActiveCfg = Debug|Any CPU
		{C7ADC0F6-7F8D-4FEC-A51C-0C340827CCE6}.Debug|x64.Build.0 = Debug|Any CPU
		{C7ADC0F6-7F8D-4FEC-A51C-0C340827CCE6}.Debug|x86.ActiveCfg = Debug|Any CPU
		{C7ADC0F6-7F8D-4FEC-A51C-0C340827CCE6}.Debug|x86.Build.0 = Debug|Any CPU
		{C7ADC0F6-7F8D-4FEC-A51C-0C340827CCE6}.Release|Any CPU.ActiveCfg = Release|Any CPU
		{C7ADC0F6-7F8D-4FEC-A51C-0C340827CCE6}.Release|Any CPU.Build.0 = Release|Any CPU
		{C7ADC0F6-7F8D-4FEC-A51C-0C340827CCE6}.Release|x64.ActiveCfg = Release|Any CPU
		{C7ADC0F6-7F8D-4FEC-A51C-0C340827CCE6}.Release|x64.Build.0 = Release|Any CPU
		{C7ADC0F6-7F8D-4FEC-A51C-0C340827CCE6}.Release|x86.ActiveCfg = Release|Any CPU
		{C7ADC0F6-7F8D-4FEC-A51C-0C340827CCE6}.Release|x86.Build.0 = Release|Any CPU
		{4678DA22-C722-4ADF-9CE9-9606337B431D}.Debug|Any CPU.ActiveCfg = Debug|Any CPU
		{4678DA22-C722-4ADF-9CE9-9606337B431D}.Debug|Any CPU.Build.0 = Debug|Any CPU
		{4678DA22-C722-4ADF-9CE9-9606337B431D}.Debug|x64.ActiveCfg = Debug|Any CPU
		{4678DA22-C722-4ADF-9CE9-9606337B431D}.Debug|x64.Build.0 = Debug|Any CPU
		{4678DA22-C722-4ADF-9CE9-9606337B431D}.Debug|x86.ActiveCfg = Debug|Any CPU
		{4678DA22-C722-4ADF-9CE9-9606337B431D}.Debug|x86.Build.0 = Debug|Any CPU
		{4678DA22-C722-4ADF-9CE9-9606337B431D}.Release|Any CPU.ActiveCfg = Release|Any CPU
		{4678DA22-C722-4ADF-9CE9-9606337B431D}.Release|Any CPU.Build.0 = Release|Any CPU
		{4678DA22-C722-4ADF-9CE9-9606337B431D}.Release|x64.ActiveCfg = Release|Any CPU
		{4678DA22-C722-4ADF-9CE9-9606337B431D}.Release|x64.Build.0 = Release|Any CPU
		{4678DA22-C722-4ADF-9CE9-9606337B431D}.Release|x86.ActiveCfg = Release|Any CPU
		{4678DA22-C722-4ADF-9CE9-9606337B431D}.Release|x86.Build.0 = Release|Any CPU
		{90AC206C-0806-400D-9F0D-4F333A833E31}.Debug|Any CPU.ActiveCfg = Debug|Any CPU
		{90AC206C-0806-400D-9F0D-4F333A833E31}.Debug|Any CPU.Build.0 = Debug|Any CPU
		{90AC206C-0806-400D-9F0D-4F333A833E31}.Debug|x64.ActiveCfg = Debug|Any CPU
		{90AC206C-0806-400D-9F0D-4F333A833E31}.Debug|x64.Build.0 = Debug|Any CPU
		{90AC206C-0806-400D-9F0D-4F333A833E31}.Debug|x86.ActiveCfg = Debug|Any CPU
		{90AC206C-0806-400D-9F0D-4F333A833E31}.Debug|x86.Build.0 = Debug|Any CPU
		{90AC206C-0806-400D-9F0D-4F333A833E31}.Release|Any CPU.ActiveCfg = Release|Any CPU
		{90AC206C-0806-400D-9F0D-4F333A833E31}.Release|Any CPU.Build.0 = Release|Any CPU
		{90AC206C-0806-400D-9F0D-4F333A833E31}.Release|x64.ActiveCfg = Release|Any CPU
		{90AC206C-0806-400D-9F0D-4F333A833E31}.Release|x64.Build.0 = Release|Any CPU
		{90AC206C-0806-400D-9F0D-4F333A833E31}.Release|x86.ActiveCfg = Release|Any CPU
		{90AC206C-0806-400D-9F0D-4F333A833E31}.Release|x86.Build.0 = Release|Any CPU
		{2ED9E443-F14E-4522-B659-56E3BB26B725}.Debug|Any CPU.ActiveCfg = Debug|Any CPU
		{2ED9E443-F14E-4522-B659-56E3BB26B725}.Debug|Any CPU.Build.0 = Debug|Any CPU
		{2ED9E443-F14E-4522-B659-56E3BB26B725}.Debug|x64.ActiveCfg = Debug|Any CPU
		{2ED9E443-F14E-4522-B659-56E3BB26B725}.Debug|x64.Build.0 = Debug|Any CPU
		{2ED9E443-F14E-4522-B659-56E3BB26B725}.Debug|x86.ActiveCfg = Debug|Any CPU
		{2ED9E443-F14E-4522-B659-56E3BB26B725}.Debug|x86.Build.0 = Debug|Any CPU
		{2ED9E443-F14E-4522-B659-56E3BB26B725}.Release|Any CPU.ActiveCfg = Release|Any CPU
		{2ED9E443-F14E-4522-B659-56E3BB26B725}.Release|Any CPU.Build.0 = Release|Any CPU
		{2ED9E443-F14E-4522-B659-56E3BB26B725}.Release|x64.ActiveCfg = Release|Any CPU
		{2ED9E443-F14E-4522-B659-56E3BB26B725}.Release|x64.Build.0 = Release|Any CPU
		{2ED9E443-F14E-4522-B659-56E3BB26B725}.Release|x86.ActiveCfg = Release|Any CPU
		{2ED9E443-F14E-4522-B659-56E3BB26B725}.Release|x86.Build.0 = Release|Any CPU
		{14283B4C-3E67-4345-BC5C-9650D84FF6F4}.Debug|Any CPU.ActiveCfg = Debug|Any CPU
		{14283B4C-3E67-4345-BC5C-9650D84FF6F4}.Debug|Any CPU.Build.0 = Debug|Any CPU
		{14283B4C-3E67-4345-BC5C-9650D84FF6F4}.Debug|x64.ActiveCfg = Debug|Any CPU
		{14283B4C-3E67-4345-BC5C-9650D84FF6F4}.Debug|x64.Build.0 = Debug|Any CPU
		{14283B4C-3E67-4345-BC5C-9650D84FF6F4}.Debug|x86.ActiveCfg = Debug|Any CPU
		{14283B4C-3E67-4345-BC5C-9650D84FF6F4}.Debug|x86.Build.0 = Debug|Any CPU
		{14283B4C-3E67-4345-BC5C-9650D84FF6F4}.Release|Any CPU.ActiveCfg = Release|Any CPU
		{14283B4C-3E67-4345-BC5C-9650D84FF6F4}.Release|Any CPU.Build.0 = Release|Any CPU
		{14283B4C-3E67-4345-BC5C-9650D84FF6F4}.Release|x64.ActiveCfg = Release|Any CPU
		{14283B4C-3E67-4345-BC5C-9650D84FF6F4}.Release|x64.Build.0 = Release|Any CPU
		{14283B4C-3E67-4345-BC5C-9650D84FF6F4}.Release|x86.ActiveCfg = Release|Any CPU
		{14283B4C-3E67-4345-BC5C-9650D84FF6F4}.Release|x86.Build.0 = Release|Any CPU
		{B1ED792C-D0DC-42DC-AB55-C1F8E7154E16}.Debug|Any CPU.ActiveCfg = Debug|Any CPU
		{B1ED792C-D0DC-42DC-AB55-C1F8E7154E16}.Debug|Any CPU.Build.0 = Debug|Any CPU
		{B1ED792C-D0DC-42DC-AB55-C1F8E7154E16}.Debug|x64.ActiveCfg = Debug|Any CPU
		{B1ED792C-D0DC-42DC-AB55-C1F8E7154E16}.Debug|x64.Build.0 = Debug|Any CPU
		{B1ED792C-D0DC-42DC-AB55-C1F8E7154E16}.Debug|x86.ActiveCfg = Debug|Any CPU
		{B1ED792C-D0DC-42DC-AB55-C1F8E7154E16}.Debug|x86.Build.0 = Debug|Any CPU
		{B1ED792C-D0DC-42DC-AB55-C1F8E7154E16}.Release|Any CPU.ActiveCfg = Release|Any CPU
		{B1ED792C-D0DC-42DC-AB55-C1F8E7154E16}.Release|Any CPU.Build.0 = Release|Any CPU
		{B1ED792C-D0DC-42DC-AB55-C1F8E7154E16}.Release|x64.ActiveCfg = Release|Any CPU
		{B1ED792C-D0DC-42DC-AB55-C1F8E7154E16}.Release|x64.Build.0 = Release|Any CPU
		{B1ED792C-D0DC-42DC-AB55-C1F8E7154E16}.Release|x86.ActiveCfg = Release|Any CPU
		{B1ED792C-D0DC-42DC-AB55-C1F8E7154E16}.Release|x86.Build.0 = Release|Any CPU
		{51380C98-5774-4C41-B91D-DA45C0B63CAB}.Debug|Any CPU.ActiveCfg = Debug|Any CPU
		{51380C98-5774-4C41-B91D-DA45C0B63CAB}.Debug|Any CPU.Build.0 = Debug|Any CPU
		{51380C98-5774-4C41-B91D-DA45C0B63CAB}.Debug|x64.ActiveCfg = Debug|Any CPU
		{51380C98-5774-4C41-B91D-DA45C0B63CAB}.Debug|x64.Build.0 = Debug|Any CPU
		{51380C98-5774-4C41-B91D-DA45C0B63CAB}.Debug|x86.ActiveCfg = Debug|Any CPU
		{51380C98-5774-4C41-B91D-DA45C0B63CAB}.Debug|x86.Build.0 = Debug|Any CPU
		{51380C98-5774-4C41-B91D-DA45C0B63CAB}.Release|Any CPU.ActiveCfg = Release|Any CPU
		{51380C98-5774-4C41-B91D-DA45C0B63CAB}.Release|Any CPU.Build.0 = Release|Any CPU
		{51380C98-5774-4C41-B91D-DA45C0B63CAB}.Release|x64.ActiveCfg = Release|Any CPU
		{51380C98-5774-4C41-B91D-DA45C0B63CAB}.Release|x64.Build.0 = Release|Any CPU
		{51380C98-5774-4C41-B91D-DA45C0B63CAB}.Release|x86.ActiveCfg = Release|Any CPU
		{51380C98-5774-4C41-B91D-DA45C0B63CAB}.Release|x86.Build.0 = Release|Any CPU
		{17F80987-D066-4BF7-ADA0-A27FE59E8F26}.Debug|Any CPU.ActiveCfg = Debug|Any CPU
		{17F80987-D066-4BF7-ADA0-A27FE59E8F26}.Debug|Any CPU.Build.0 = Debug|Any CPU
		{17F80987-D066-4BF7-ADA0-A27FE59E8F26}.Debug|x64.ActiveCfg = Debug|Any CPU
		{17F80987-D066-4BF7-ADA0-A27FE59E8F26}.Debug|x64.Build.0 = Debug|Any CPU
		{17F80987-D066-4BF7-ADA0-A27FE59E8F26}.Debug|x86.ActiveCfg = Debug|Any CPU
		{17F80987-D066-4BF7-ADA0-A27FE59E8F26}.Debug|x86.Build.0 = Debug|Any CPU
		{17F80987-D066-4BF7-ADA0-A27FE59E8F26}.Release|Any CPU.ActiveCfg = Release|Any CPU
		{17F80987-D066-4BF7-ADA0-A27FE59E8F26}.Release|Any CPU.Build.0 = Release|Any CPU
		{17F80987-D066-4BF7-ADA0-A27FE59E8F26}.Release|x64.ActiveCfg = Release|Any CPU
		{17F80987-D066-4BF7-ADA0-A27FE59E8F26}.Release|x64.Build.0 = Release|Any CPU
		{17F80987-D066-4BF7-ADA0-A27FE59E8F26}.Release|x86.ActiveCfg = Release|Any CPU
		{17F80987-D066-4BF7-ADA0-A27FE59E8F26}.Release|x86.Build.0 = Release|Any CPU
	EndGlobalSection
	GlobalSection(SolutionProperties) = preSolution
		HideSolutionNode = FALSE
	EndGlobalSection
	GlobalSection(NestedProjects) = preSolution
		{A2B5047A-29CA-4623-853C-DBB753D50A5D} = {A9DD4C51-33AC-4892-823E-2E698D16BBCB}
		{6F74529F-A287-4370-977F-CB8165701819} = {A9DD4C51-33AC-4892-823E-2E698D16BBCB}
		{DC8DD189-4595-4AED-8D5D-8E11A34FAFF5} = {A9DD4C51-33AC-4892-823E-2E698D16BBCB}
		{ACC6068A-051D-4058-BA4E-DE4D61E66349} = {A9DD4C51-33AC-4892-823E-2E698D16BBCB}
		{C7ADC0F6-7F8D-4FEC-A51C-0C340827CCE6} = {A9DD4C51-33AC-4892-823E-2E698D16BBCB}
		{4678DA22-C722-4ADF-9CE9-9606337B431D} = {A9DD4C51-33AC-4892-823E-2E698D16BBCB}
		{90AC206C-0806-400D-9F0D-4F333A833E31} = {9C4D5A9D-5216-4970-8CD2-EB2AA0EDE92C}
		{2ED9E443-F14E-4522-B659-56E3BB26B725} = {9C4D5A9D-5216-4970-8CD2-EB2AA0EDE92C}
		{14283B4C-3E67-4345-BC5C-9650D84FF6F4} = {9C4D5A9D-5216-4970-8CD2-EB2AA0EDE92C}
		{761B2BAD-F410-4173-BB78-F30A8ADF8AB6} = {9C4D5A9D-5216-4970-8CD2-EB2AA0EDE92C}
		{B1ED792C-D0DC-42DC-AB55-C1F8E7154E16} = {761B2BAD-F410-4173-BB78-F30A8ADF8AB6}
		{4B384BC8-CB94-4736-940B-9A3400A60250} = {9C4D5A9D-5216-4970-8CD2-EB2AA0EDE92C}
		{51380C98-5774-4C41-B91D-DA45C0B63CAB} = {4B384BC8-CB94-4736-940B-9A3400A60250}
		{17F80987-D066-4BF7-ADA0-A27FE59E8F26} = {4B384BC8-CB94-4736-940B-9A3400A60250}
	EndGlobalSection
EndGlobal
