
Microsoft Visual Studio Solution File, Format Version 12.00
# Visual Studio 15
VisualStudioVersion = 15.0.26124.0
MinimumVisualStudioVersion = 15.0.26124.0
Project("{2150E333-8FDC-42A3-9474-1A3956D46DE8}") = "src", "src", "{BA29CE93-33EE-419B-A855-DA934573FA83}"
EndProject
Project("{FAE04EC0-301F-11D3-BF4B-00C04F79EFBC}") = "TugDSC.Abstractions", "src\TugDSC.Abstractions\TugDSC.Abstractions.csproj", "{97DECA03-C0C3-4F41-A0FE-F51CA949D501}"
EndProject
Project("{FAE04EC0-301F-11D3-BF4B-00C04F79EFBC}") = "TugDSC.Server.Abstractions", "src\TugDSC.Server.Abstractions\TugDSC.Server.Abstractions.csproj", "{8BAD111C-0371-4F65-BAD7-1B88FADC84E0}"
EndProject
Project("{FAE04EC0-301F-11D3-BF4B-00C04F79EFBC}") = "TugDSC.Server.WebAppHost", "src\TugDSC.Server.WebAppHost\TugDSC.Server.WebAppHost.csproj", "{77F0AAAE-3518-46A7-A0E2-E09A36630300}"
EndProject
Project("{2150E333-8FDC-42A3-9474-1A3956D46DE8}") = "testing", "testing", "{B12685F6-BE1B-4F03-B872-D4FB5ED7FCA2}"
EndProject
Project("{FAE04EC0-301F-11D3-BF4B-00C04F79EFBC}") = "TugDSC.Testing.MSTest", "src\testing\TugDSC.Testing.MSTest\TugDSC.Testing.MSTest.csproj", "{1592EC10-E626-4764-BA29-2190DD2FAA80}"
EndProject
Project("{2150E333-8FDC-42A3-9474-1A3956D46DE8}") = "test", "test", "{76F0F40C-622E-453C-A012-6A26C1F97F41}"
EndProject
Project("{2150E333-8FDC-42A3-9474-1A3956D46DE8}") = "server", "server", "{6CA6E17D-22E1-4192-A7D9-2E8E13335C82}"
EndProject
Project("{2150E333-8FDC-42A3-9474-1A3956D46DE8}") = "ext", "ext", "{B69FF573-F0CC-4B73-B732-60CBBA9D8548}"
EndProject
Project("{FAE04EC0-301F-11D3-BF4B-00C04F79EFBC}") = "Sample.TestExt.Thingy", "test\server\ext\Sample.TestExt.Thingy\Sample.TestExt.Thingy.csproj", "{D5A99A98-07B3-483D-83A3-A16E3523D23C}"
EndProject
Project("{FAE04EC0-301F-11D3-BF4B-00C04F79EFBC}") = "Sample.TestExt.DynamicThingy", "test\server\ext\Sample.TestExt.DynamicThingy\Sample.TestExt.DynamicThingy.csproj", "{0B6F807E-76B2-4F65-B9DD-09F06551E073}"
EndProject
Project("{FAE04EC0-301F-11D3-BF4B-00C04F79EFBC}") = "TugDSC.Ext-tests", "test\server\ext\TugDSC.Ext-tests\TugDSC.Ext-tests.csproj", "{350618B2-A593-4B0A-8786-335B8C060739}"
EndProject
Project("{2150E333-8FDC-42A3-9474-1A3956D46DE8}") = "misc", "misc", "{BAD7D8A3-4841-42A4-8033-F2D39AE34AD4}"
EndProject
Project("{FAE04EC0-301F-11D3-BF4B-00C04F79EFBC}") = "TugDSC.Configuration-tests", "test\server\misc\TugDSC.Configuration-tests\TugDSC.Configuration-tests.csproj", "{7D05444A-BF9C-4E5A-BAC5-F0895F339328}"
EndProject
Project("{FAE04EC0-301F-11D3-BF4B-00C04F79EFBC}") = "TugDSC.Client.CLIApp", "src\TugDSC.Client.CLIApp\TugDSC.Client.CLIApp.csproj", "{66F0098E-71A2-4145-87C1-7251CA25A667}"
EndProject
Project("{2150E333-8FDC-42A3-9474-1A3956D46DE8}") = "client", "client", "{3FC7F219-6BFC-45F2-95D2-9DFC16566565}"
EndProject
Project("{FAE04EC0-301F-11D3-BF4B-00C04F79EFBC}") = "TugDSC.Client.CLIApp-tests", "test\client\TugDSC.Client.CLIApp-tests\TugDSC.Client.CLIApp-tests.csproj", "{45EA7E4A-BE09-4CA7-AC8C-8AAB356032BB}"
EndProject
Project("{FAE04EC0-301F-11D3-BF4B-00C04F79EFBC}") = "TugDSC.Server-tests", "test\server\TugDSC.Server-tests\TugDSC.Server-tests.csproj", "{733DD3AE-9D09-4F42-9668-AED7A3E93766}"
EndProject
Global
	GlobalSection(SolutionConfigurationPlatforms) = preSolution
		Debug|Any CPU = Debug|Any CPU
		Debug|x64 = Debug|x64
		Debug|x86 = Debug|x86
		Release|Any CPU = Release|Any CPU
		Release|x64 = Release|x64
		Release|x86 = Release|x86
	EndGlobalSection
	GlobalSection(SolutionProperties) = preSolution
		HideSolutionNode = FALSE
	EndGlobalSection
	GlobalSection(ProjectConfigurationPlatforms) = postSolution
		{97DECA03-C0C3-4F41-A0FE-F51CA949D501}.Debug|Any CPU.ActiveCfg = Debug|Any CPU
		{97DECA03-C0C3-4F41-A0FE-F51CA949D501}.Debug|Any CPU.Build.0 = Debug|Any CPU
		{97DECA03-C0C3-4F41-A0FE-F51CA949D501}.Debug|x64.ActiveCfg = Debug|x64
		{97DECA03-C0C3-4F41-A0FE-F51CA949D501}.Debug|x64.Build.0 = Debug|x64
		{97DECA03-C0C3-4F41-A0FE-F51CA949D501}.Debug|x86.ActiveCfg = Debug|x86
		{97DECA03-C0C3-4F41-A0FE-F51CA949D501}.Debug|x86.Build.0 = Debug|x86
		{97DECA03-C0C3-4F41-A0FE-F51CA949D501}.Release|Any CPU.ActiveCfg = Release|Any CPU
		{97DECA03-C0C3-4F41-A0FE-F51CA949D501}.Release|Any CPU.Build.0 = Release|Any CPU
		{97DECA03-C0C3-4F41-A0FE-F51CA949D501}.Release|x64.ActiveCfg = Release|x64
		{97DECA03-C0C3-4F41-A0FE-F51CA949D501}.Release|x64.Build.0 = Release|x64
		{97DECA03-C0C3-4F41-A0FE-F51CA949D501}.Release|x86.ActiveCfg = Release|x86
		{97DECA03-C0C3-4F41-A0FE-F51CA949D501}.Release|x86.Build.0 = Release|x86
		{8BAD111C-0371-4F65-BAD7-1B88FADC84E0}.Debug|Any CPU.ActiveCfg = Debug|Any CPU
		{8BAD111C-0371-4F65-BAD7-1B88FADC84E0}.Debug|Any CPU.Build.0 = Debug|Any CPU
		{8BAD111C-0371-4F65-BAD7-1B88FADC84E0}.Debug|x64.ActiveCfg = Debug|x64
		{8BAD111C-0371-4F65-BAD7-1B88FADC84E0}.Debug|x64.Build.0 = Debug|x64
		{8BAD111C-0371-4F65-BAD7-1B88FADC84E0}.Debug|x86.ActiveCfg = Debug|x86
		{8BAD111C-0371-4F65-BAD7-1B88FADC84E0}.Debug|x86.Build.0 = Debug|x86
		{8BAD111C-0371-4F65-BAD7-1B88FADC84E0}.Release|Any CPU.ActiveCfg = Release|Any CPU
		{8BAD111C-0371-4F65-BAD7-1B88FADC84E0}.Release|Any CPU.Build.0 = Release|Any CPU
		{8BAD111C-0371-4F65-BAD7-1B88FADC84E0}.Release|x64.ActiveCfg = Release|x64
		{8BAD111C-0371-4F65-BAD7-1B88FADC84E0}.Release|x64.Build.0 = Release|x64
		{8BAD111C-0371-4F65-BAD7-1B88FADC84E0}.Release|x86.ActiveCfg = Release|x86
		{8BAD111C-0371-4F65-BAD7-1B88FADC84E0}.Release|x86.Build.0 = Release|x86
		{77F0AAAE-3518-46A7-A0E2-E09A36630300}.Debug|Any CPU.ActiveCfg = Debug|Any CPU
		{77F0AAAE-3518-46A7-A0E2-E09A36630300}.Debug|Any CPU.Build.0 = Debug|Any CPU
		{77F0AAAE-3518-46A7-A0E2-E09A36630300}.Debug|x64.ActiveCfg = Debug|x64
		{77F0AAAE-3518-46A7-A0E2-E09A36630300}.Debug|x64.Build.0 = Debug|x64
		{77F0AAAE-3518-46A7-A0E2-E09A36630300}.Debug|x86.ActiveCfg = Debug|x86
		{77F0AAAE-3518-46A7-A0E2-E09A36630300}.Debug|x86.Build.0 = Debug|x86
		{77F0AAAE-3518-46A7-A0E2-E09A36630300}.Release|Any CPU.ActiveCfg = Release|Any CPU
		{77F0AAAE-3518-46A7-A0E2-E09A36630300}.Release|Any CPU.Build.0 = Release|Any CPU
		{77F0AAAE-3518-46A7-A0E2-E09A36630300}.Release|x64.ActiveCfg = Release|x64
		{77F0AAAE-3518-46A7-A0E2-E09A36630300}.Release|x64.Build.0 = Release|x64
		{77F0AAAE-3518-46A7-A0E2-E09A36630300}.Release|x86.ActiveCfg = Release|x86
		{77F0AAAE-3518-46A7-A0E2-E09A36630300}.Release|x86.Build.0 = Release|x86
		{1592EC10-E626-4764-BA29-2190DD2FAA80}.Debug|Any CPU.ActiveCfg = Debug|Any CPU
		{1592EC10-E626-4764-BA29-2190DD2FAA80}.Debug|Any CPU.Build.0 = Debug|Any CPU
		{1592EC10-E626-4764-BA29-2190DD2FAA80}.Debug|x64.ActiveCfg = Debug|x64
		{1592EC10-E626-4764-BA29-2190DD2FAA80}.Debug|x64.Build.0 = Debug|x64
		{1592EC10-E626-4764-BA29-2190DD2FAA80}.Debug|x86.ActiveCfg = Debug|x86
		{1592EC10-E626-4764-BA29-2190DD2FAA80}.Debug|x86.Build.0 = Debug|x86
		{1592EC10-E626-4764-BA29-2190DD2FAA80}.Release|Any CPU.ActiveCfg = Release|Any CPU
		{1592EC10-E626-4764-BA29-2190DD2FAA80}.Release|Any CPU.Build.0 = Release|Any CPU
		{1592EC10-E626-4764-BA29-2190DD2FAA80}.Release|x64.ActiveCfg = Release|x64
		{1592EC10-E626-4764-BA29-2190DD2FAA80}.Release|x64.Build.0 = Release|x64
		{1592EC10-E626-4764-BA29-2190DD2FAA80}.Release|x86.ActiveCfg = Release|x86
		{1592EC10-E626-4764-BA29-2190DD2FAA80}.Release|x86.Build.0 = Release|x86
		{D5A99A98-07B3-483D-83A3-A16E3523D23C}.Debug|Any CPU.ActiveCfg = Debug|Any CPU
		{D5A99A98-07B3-483D-83A3-A16E3523D23C}.Debug|Any CPU.Build.0 = Debug|Any CPU
		{D5A99A98-07B3-483D-83A3-A16E3523D23C}.Debug|x64.ActiveCfg = Debug|x64
		{D5A99A98-07B3-483D-83A3-A16E3523D23C}.Debug|x64.Build.0 = Debug|x64
		{D5A99A98-07B3-483D-83A3-A16E3523D23C}.Debug|x86.ActiveCfg = Debug|x86
		{D5A99A98-07B3-483D-83A3-A16E3523D23C}.Debug|x86.Build.0 = Debug|x86
		{D5A99A98-07B3-483D-83A3-A16E3523D23C}.Release|Any CPU.ActiveCfg = Release|Any CPU
		{D5A99A98-07B3-483D-83A3-A16E3523D23C}.Release|Any CPU.Build.0 = Release|Any CPU
		{D5A99A98-07B3-483D-83A3-A16E3523D23C}.Release|x64.ActiveCfg = Release|x64
		{D5A99A98-07B3-483D-83A3-A16E3523D23C}.Release|x64.Build.0 = Release|x64
		{D5A99A98-07B3-483D-83A3-A16E3523D23C}.Release|x86.ActiveCfg = Release|x86
		{D5A99A98-07B3-483D-83A3-A16E3523D23C}.Release|x86.Build.0 = Release|x86
		{0B6F807E-76B2-4F65-B9DD-09F06551E073}.Debug|Any CPU.ActiveCfg = Debug|Any CPU
		{0B6F807E-76B2-4F65-B9DD-09F06551E073}.Debug|Any CPU.Build.0 = Debug|Any CPU
		{0B6F807E-76B2-4F65-B9DD-09F06551E073}.Debug|x64.ActiveCfg = Debug|x64
		{0B6F807E-76B2-4F65-B9DD-09F06551E073}.Debug|x64.Build.0 = Debug|x64
		{0B6F807E-76B2-4F65-B9DD-09F06551E073}.Debug|x86.ActiveCfg = Debug|x86
		{0B6F807E-76B2-4F65-B9DD-09F06551E073}.Debug|x86.Build.0 = Debug|x86
		{0B6F807E-76B2-4F65-B9DD-09F06551E073}.Release|Any CPU.ActiveCfg = Release|Any CPU
		{0B6F807E-76B2-4F65-B9DD-09F06551E073}.Release|Any CPU.Build.0 = Release|Any CPU
		{0B6F807E-76B2-4F65-B9DD-09F06551E073}.Release|x64.ActiveCfg = Release|x64
		{0B6F807E-76B2-4F65-B9DD-09F06551E073}.Release|x64.Build.0 = Release|x64
		{0B6F807E-76B2-4F65-B9DD-09F06551E073}.Release|x86.ActiveCfg = Release|x86
		{0B6F807E-76B2-4F65-B9DD-09F06551E073}.Release|x86.Build.0 = Release|x86
		{350618B2-A593-4B0A-8786-335B8C060739}.Debug|Any CPU.ActiveCfg = Debug|Any CPU
		{350618B2-A593-4B0A-8786-335B8C060739}.Debug|Any CPU.Build.0 = Debug|Any CPU
		{350618B2-A593-4B0A-8786-335B8C060739}.Debug|x64.ActiveCfg = Debug|x64
		{350618B2-A593-4B0A-8786-335B8C060739}.Debug|x64.Build.0 = Debug|x64
		{350618B2-A593-4B0A-8786-335B8C060739}.Debug|x86.ActiveCfg = Debug|x86
		{350618B2-A593-4B0A-8786-335B8C060739}.Debug|x86.Build.0 = Debug|x86
		{350618B2-A593-4B0A-8786-335B8C060739}.Release|Any CPU.ActiveCfg = Release|Any CPU
		{350618B2-A593-4B0A-8786-335B8C060739}.Release|Any CPU.Build.0 = Release|Any CPU
		{350618B2-A593-4B0A-8786-335B8C060739}.Release|x64.ActiveCfg = Release|x64
		{350618B2-A593-4B0A-8786-335B8C060739}.Release|x64.Build.0 = Release|x64
		{350618B2-A593-4B0A-8786-335B8C060739}.Release|x86.ActiveCfg = Release|x86
		{350618B2-A593-4B0A-8786-335B8C060739}.Release|x86.Build.0 = Release|x86
		{7D05444A-BF9C-4E5A-BAC5-F0895F339328}.Debug|Any CPU.ActiveCfg = Debug|Any CPU
		{7D05444A-BF9C-4E5A-BAC5-F0895F339328}.Debug|Any CPU.Build.0 = Debug|Any CPU
		{7D05444A-BF9C-4E5A-BAC5-F0895F339328}.Debug|x64.ActiveCfg = Debug|x64
		{7D05444A-BF9C-4E5A-BAC5-F0895F339328}.Debug|x64.Build.0 = Debug|x64
		{7D05444A-BF9C-4E5A-BAC5-F0895F339328}.Debug|x86.ActiveCfg = Debug|x86
		{7D05444A-BF9C-4E5A-BAC5-F0895F339328}.Debug|x86.Build.0 = Debug|x86
		{7D05444A-BF9C-4E5A-BAC5-F0895F339328}.Release|Any CPU.ActiveCfg = Release|Any CPU
		{7D05444A-BF9C-4E5A-BAC5-F0895F339328}.Release|Any CPU.Build.0 = Release|Any CPU
		{7D05444A-BF9C-4E5A-BAC5-F0895F339328}.Release|x64.ActiveCfg = Release|x64
		{7D05444A-BF9C-4E5A-BAC5-F0895F339328}.Release|x64.Build.0 = Release|x64
		{7D05444A-BF9C-4E5A-BAC5-F0895F339328}.Release|x86.ActiveCfg = Release|x86
		{7D05444A-BF9C-4E5A-BAC5-F0895F339328}.Release|x86.Build.0 = Release|x86
		{66F0098E-71A2-4145-87C1-7251CA25A667}.Debug|Any CPU.ActiveCfg = Debug|Any CPU
		{66F0098E-71A2-4145-87C1-7251CA25A667}.Debug|Any CPU.Build.0 = Debug|Any CPU
		{66F0098E-71A2-4145-87C1-7251CA25A667}.Debug|x64.ActiveCfg = Debug|x64
		{66F0098E-71A2-4145-87C1-7251CA25A667}.Debug|x64.Build.0 = Debug|x64
		{66F0098E-71A2-4145-87C1-7251CA25A667}.Debug|x86.ActiveCfg = Debug|x86
		{66F0098E-71A2-4145-87C1-7251CA25A667}.Debug|x86.Build.0 = Debug|x86
		{66F0098E-71A2-4145-87C1-7251CA25A667}.Release|Any CPU.ActiveCfg = Release|Any CPU
		{66F0098E-71A2-4145-87C1-7251CA25A667}.Release|Any CPU.Build.0 = Release|Any CPU
		{66F0098E-71A2-4145-87C1-7251CA25A667}.Release|x64.ActiveCfg = Release|x64
		{66F0098E-71A2-4145-87C1-7251CA25A667}.Release|x64.Build.0 = Release|x64
		{66F0098E-71A2-4145-87C1-7251CA25A667}.Release|x86.ActiveCfg = Release|x86
		{66F0098E-71A2-4145-87C1-7251CA25A667}.Release|x86.Build.0 = Release|x86
		{45EA7E4A-BE09-4CA7-AC8C-8AAB356032BB}.Debug|Any CPU.ActiveCfg = Debug|Any CPU
		{45EA7E4A-BE09-4CA7-AC8C-8AAB356032BB}.Debug|Any CPU.Build.0 = Debug|Any CPU
		{45EA7E4A-BE09-4CA7-AC8C-8AAB356032BB}.Debug|x64.ActiveCfg = Debug|x64
		{45EA7E4A-BE09-4CA7-AC8C-8AAB356032BB}.Debug|x64.Build.0 = Debug|x64
		{45EA7E4A-BE09-4CA7-AC8C-8AAB356032BB}.Debug|x86.ActiveCfg = Debug|x86
		{45EA7E4A-BE09-4CA7-AC8C-8AAB356032BB}.Debug|x86.Build.0 = Debug|x86
		{45EA7E4A-BE09-4CA7-AC8C-8AAB356032BB}.Release|Any CPU.ActiveCfg = Release|Any CPU
		{45EA7E4A-BE09-4CA7-AC8C-8AAB356032BB}.Release|Any CPU.Build.0 = Release|Any CPU
		{45EA7E4A-BE09-4CA7-AC8C-8AAB356032BB}.Release|x64.ActiveCfg = Release|x64
		{45EA7E4A-BE09-4CA7-AC8C-8AAB356032BB}.Release|x64.Build.0 = Release|x64
		{45EA7E4A-BE09-4CA7-AC8C-8AAB356032BB}.Release|x86.ActiveCfg = Release|x86
		{45EA7E4A-BE09-4CA7-AC8C-8AAB356032BB}.Release|x86.Build.0 = Release|x86
		{733DD3AE-9D09-4F42-9668-AED7A3E93766}.Debug|Any CPU.ActiveCfg = Debug|Any CPU
		{733DD3AE-9D09-4F42-9668-AED7A3E93766}.Debug|Any CPU.Build.0 = Debug|Any CPU
		{733DD3AE-9D09-4F42-9668-AED7A3E93766}.Debug|x64.ActiveCfg = Debug|x64
		{733DD3AE-9D09-4F42-9668-AED7A3E93766}.Debug|x64.Build.0 = Debug|x64
		{733DD3AE-9D09-4F42-9668-AED7A3E93766}.Debug|x86.ActiveCfg = Debug|x86
		{733DD3AE-9D09-4F42-9668-AED7A3E93766}.Debug|x86.Build.0 = Debug|x86
		{733DD3AE-9D09-4F42-9668-AED7A3E93766}.Release|Any CPU.ActiveCfg = Release|Any CPU
		{733DD3AE-9D09-4F42-9668-AED7A3E93766}.Release|Any CPU.Build.0 = Release|Any CPU
		{733DD3AE-9D09-4F42-9668-AED7A3E93766}.Release|x64.ActiveCfg = Release|x64
		{733DD3AE-9D09-4F42-9668-AED7A3E93766}.Release|x64.Build.0 = Release|x64
		{733DD3AE-9D09-4F42-9668-AED7A3E93766}.Release|x86.ActiveCfg = Release|x86
		{733DD3AE-9D09-4F42-9668-AED7A3E93766}.Release|x86.Build.0 = Release|x86
	EndGlobalSection
	GlobalSection(NestedProjects) = preSolution
		{97DECA03-C0C3-4F41-A0FE-F51CA949D501} = {BA29CE93-33EE-419B-A855-DA934573FA83}
		{8BAD111C-0371-4F65-BAD7-1B88FADC84E0} = {BA29CE93-33EE-419B-A855-DA934573FA83}
		{77F0AAAE-3518-46A7-A0E2-E09A36630300} = {BA29CE93-33EE-419B-A855-DA934573FA83}
		{B12685F6-BE1B-4F03-B872-D4FB5ED7FCA2} = {BA29CE93-33EE-419B-A855-DA934573FA83}
		{1592EC10-E626-4764-BA29-2190DD2FAA80} = {B12685F6-BE1B-4F03-B872-D4FB5ED7FCA2}
		{6CA6E17D-22E1-4192-A7D9-2E8E13335C82} = {76F0F40C-622E-453C-A012-6A26C1F97F41}
		{B69FF573-F0CC-4B73-B732-60CBBA9D8548} = {6CA6E17D-22E1-4192-A7D9-2E8E13335C82}
		{D5A99A98-07B3-483D-83A3-A16E3523D23C} = {B69FF573-F0CC-4B73-B732-60CBBA9D8548}
		{0B6F807E-76B2-4F65-B9DD-09F06551E073} = {B69FF573-F0CC-4B73-B732-60CBBA9D8548}
		{350618B2-A593-4B0A-8786-335B8C060739} = {B69FF573-F0CC-4B73-B732-60CBBA9D8548}
		{BAD7D8A3-4841-42A4-8033-F2D39AE34AD4} = {6CA6E17D-22E1-4192-A7D9-2E8E13335C82}
		{7D05444A-BF9C-4E5A-BAC5-F0895F339328} = {BAD7D8A3-4841-42A4-8033-F2D39AE34AD4}
		{66F0098E-71A2-4145-87C1-7251CA25A667} = {BA29CE93-33EE-419B-A855-DA934573FA83}
		{3FC7F219-6BFC-45F2-95D2-9DFC16566565} = {76F0F40C-622E-453C-A012-6A26C1F97F41}
		{45EA7E4A-BE09-4CA7-AC8C-8AAB356032BB} = {3FC7F219-6BFC-45F2-95D2-9DFC16566565}
		{733DD3AE-9D09-4F42-9668-AED7A3E93766} = {6CA6E17D-22E1-4192-A7D9-2E8E13335C82}
	EndGlobalSection
EndGlobal
