
Microsoft Visual Studio Solution File, Format Version 12.00
# Visual Studio 15
VisualStudioVersion = 15.0.26124.0
MinimumVisualStudioVersion = 15.0.26124.0
Project("{2150E333-8FDC-42A3-9474-1A3956D46DE8}") = "src", "src", "{E942E23C-7A77-49AF-B9BD-45473F27F148}"
EndProject
Project("{FAE04EC0-301F-11D3-BF4B-00C04F79EFBC}") = "Tug.Base", "src\Tug.Base\Tug.Base.csproj", "{93C490C7-854F-499C-90DA-3E96FB8E66F5}"
EndProject
Project("{FAE04EC0-301F-11D3-BF4B-00C04F79EFBC}") = "Tug.Client", "src\Tug.Client\Tug.Client.csproj", "{99BA17D3-5E96-4F0A-A02F-68F9AE500E57}"
EndProject
Project("{FAE04EC0-301F-11D3-BF4B-00C04F79EFBC}") = "Tug.Server.Base", "src\Tug.Server.Base\Tug.Server.Base.csproj", "{2DB94D11-9A4C-4602-B259-D959736B0A4C}"
EndProject
Project("{FAE04EC0-301F-11D3-BF4B-00C04F79EFBC}") = "Tug.Server", "src\Tug.Server\Tug.Server.csproj", "{3618920B-E154-4CD3-9B15-8DE97362F304}"
EndProject
Project("{FAE04EC0-301F-11D3-BF4B-00C04F79EFBC}") = "Tug.Server.Providers.Ps5DscHandler", "src\Tug.Server.Providers.Ps5DscHandler\Tug.Server.Providers.Ps5DscHandler.csproj", "{8C22B84D-9818-4A83-B8FF-C9EAAA413E22}"
EndProject
Project("{FAE04EC0-301F-11D3-BF4B-00C04F79EFBC}") = "Tug.Server.FaaS.AwsLambda", "src\Tug.Server.FaaS.AwsLambda\Tug.Server.FaaS.AwsLambda.csproj", "{1C1C17F8-8B22-4D07-AA36-9055B0D299CE}"
EndProject
Project("{FAE04EC0-301F-11D3-BF4B-00C04F79EFBC}") = "Tug.Ext-WORK", "src\Tug.Ext-WORK\Tug.Ext-WORK.csproj", "{8809D9DA-F928-49F3-95DF-2ABC86E0C041}"
EndProject
Project("{2150E333-8FDC-42A3-9474-1A3956D46DE8}") = "test", "test", "{CA27A14E-1969-497C-B46B-000451E9EAEC}"
EndProject
Project("{FAE04EC0-301F-11D3-BF4B-00C04F79EFBC}") = "Tug.UnitTesting", "test\Tug.UnitTesting\Tug.UnitTesting.csproj", "{4E0B3B69-C567-42E5-929E-AB476D6B2AE0}"
EndProject
Project("{2150E333-8FDC-42A3-9474-1A3956D46DE8}") = "client", "client", "{8C5D01A0-6F8C-48B4-BC23-CE841A5A77F3}"
EndProject
Project("{FAE04EC0-301F-11D3-BF4B-00C04F79EFBC}") = "Tug.Client-tests", "test\client\Tug.Client-tests\Tug.Client-tests.csproj", "{B0A26797-EB72-4C8A-8BDF-B8B5CEB84898}"
EndProject
Project("{2150E333-8FDC-42A3-9474-1A3956D46DE8}") = "server", "server", "{5C71E6AA-FC35-4873-9787-E390B21E15FA}"
EndProject
Project("{FAE04EC0-301F-11D3-BF4B-00C04F79EFBC}") = "Tug.Server-itests", "test\server\Tug.Server-itests\Tug.Server-itests.csproj", "{8B5EF57A-07BB-4A74-9E9A-85F4ECAD7478}"
EndProject
Project("{FAE04EC0-301F-11D3-BF4B-00C04F79EFBC}") = "Tug.Server.FaaS.AwsLambda-tests", "test\server\Tug.Server.FaaS.AwsLambda-tests\Tug.Server.FaaS.AwsLambda-tests.csproj", "{076FB5F2-4618-44AB-8B86-02CF5890D42E}"
EndProject
Project("{FAE04EC0-301F-11D3-BF4B-00C04F79EFBC}") = "Tug.Ext-tests", "test\Tug.Ext-tests\Tug.Ext-tests.csproj", "{8D70F2C9-4BED-4BA6-8684-F9E385BC6089}"
EndProject
Project("{FAE04EC0-301F-11D3-BF4B-00C04F79EFBC}") = "Tug.Ext-tests-aux", "test\Tug.Ext-tests-aux\Tug.Ext-tests-aux.csproj", "{6B61E75D-6B59-465A-9622-37E27F3109B0}"
EndProject
Project("{2150E333-8FDC-42A3-9474-1A3956D46DE8}") = "bundles", "bundles", "{D72E486E-B585-4AC8-9CDC-E6AA50BD1E6D}"
EndProject
Project("{FAE04EC0-301F-11D3-BF4B-00C04F79EFBC}") = "Tug.Server-ps5", "src\bundles\Tug.Server-ps5\Tug.Server-ps5.csproj", "{DF75F175-4C60-41F6-8DF3-09B15EAFF142}"
EndProject
Global
	GlobalSection(SolutionConfigurationPlatforms) = preSolution
		Debug|Any CPU = Debug|Any CPU
		Debug|x64 = Debug|x64
		Debug|x86 = Debug|x86
		Release|Any CPU = Release|Any CPU
		Release|x64 = Release|x64
		Release|x86 = Release|x86
	EndGlobalSection
	GlobalSection(SolutionProperties) = preSolution
		HideSolutionNode = FALSE
	EndGlobalSection
	GlobalSection(ProjectConfigurationPlatforms) = postSolution
		{93C490C7-854F-499C-90DA-3E96FB8E66F5}.Debug|Any CPU.ActiveCfg = Debug|Any CPU
		{93C490C7-854F-499C-90DA-3E96FB8E66F5}.Debug|Any CPU.Build.0 = Debug|Any CPU
		{93C490C7-854F-499C-90DA-3E96FB8E66F5}.Debug|x64.ActiveCfg = Debug|x64
		{93C490C7-854F-499C-90DA-3E96FB8E66F5}.Debug|x64.Build.0 = Debug|x64
		{93C490C7-854F-499C-90DA-3E96FB8E66F5}.Debug|x86.ActiveCfg = Debug|x86
		{93C490C7-854F-499C-90DA-3E96FB8E66F5}.Debug|x86.Build.0 = Debug|x86
		{93C490C7-854F-499C-90DA-3E96FB8E66F5}.Release|Any CPU.ActiveCfg = Release|Any CPU
		{93C490C7-854F-499C-90DA-3E96FB8E66F5}.Release|Any CPU.Build.0 = Release|Any CPU
		{93C490C7-854F-499C-90DA-3E96FB8E66F5}.Release|x64.ActiveCfg = Release|x64
		{93C490C7-854F-499C-90DA-3E96FB8E66F5}.Release|x64.Build.0 = Release|x64
		{93C490C7-854F-499C-90DA-3E96FB8E66F5}.Release|x86.ActiveCfg = Release|x86
		{93C490C7-854F-499C-90DA-3E96FB8E66F5}.Release|x86.Build.0 = Release|x86
		{99BA17D3-5E96-4F0A-A02F-68F9AE500E57}.Debug|Any CPU.ActiveCfg = Debug|Any CPU
		{99BA17D3-5E96-4F0A-A02F-68F9AE500E57}.Debug|Any CPU.Build.0 = Debug|Any CPU
		{99BA17D3-5E96-4F0A-A02F-68F9AE500E57}.Debug|x64.ActiveCfg = Debug|x64
		{99BA17D3-5E96-4F0A-A02F-68F9AE500E57}.Debug|x64.Build.0 = Debug|x64
		{99BA17D3-5E96-4F0A-A02F-68F9AE500E57}.Debug|x86.ActiveCfg = Debug|x86
		{99BA17D3-5E96-4F0A-A02F-68F9AE500E57}.Debug|x86.Build.0 = Debug|x86
		{99BA17D3-5E96-4F0A-A02F-68F9AE500E57}.Release|Any CPU.ActiveCfg = Release|Any CPU
		{99BA17D3-5E96-4F0A-A02F-68F9AE500E57}.Release|Any CPU.Build.0 = Release|Any CPU
		{99BA17D3-5E96-4F0A-A02F-68F9AE500E57}.Release|x64.ActiveCfg = Release|x64
		{99BA17D3-5E96-4F0A-A02F-68F9AE500E57}.Release|x64.Build.0 = Release|x64
		{99BA17D3-5E96-4F0A-A02F-68F9AE500E57}.Release|x86.ActiveCfg = Release|x86
		{99BA17D3-5E96-4F0A-A02F-68F9AE500E57}.Release|x86.Build.0 = Release|x86
		{2DB94D11-9A4C-4602-B259-D959736B0A4C}.Debug|Any CPU.ActiveCfg = Debug|Any CPU
		{2DB94D11-9A4C-4602-B259-D959736B0A4C}.Debug|Any CPU.Build.0 = Debug|Any CPU
		{2DB94D11-9A4C-4602-B259-D959736B0A4C}.Debug|x64.ActiveCfg = Debug|x64
		{2DB94D11-9A4C-4602-B259-D959736B0A4C}.Debug|x64.Build.0 = Debug|x64
		{2DB94D11-9A4C-4602-B259-D959736B0A4C}.Debug|x86.ActiveCfg = Debug|x86
		{2DB94D11-9A4C-4602-B259-D959736B0A4C}.Debug|x86.Build.0 = Debug|x86
		{2DB94D11-9A4C-4602-B259-D959736B0A4C}.Release|Any CPU.ActiveCfg = Release|Any CPU
		{2DB94D11-9A4C-4602-B259-D959736B0A4C}.Release|Any CPU.Build.0 = Release|Any CPU
		{2DB94D11-9A4C-4602-B259-D959736B0A4C}.Release|x64.ActiveCfg = Release|x64
		{2DB94D11-9A4C-4602-B259-D959736B0A4C}.Release|x64.Build.0 = Release|x64
		{2DB94D11-9A4C-4602-B259-D959736B0A4C}.Release|x86.ActiveCfg = Release|x86
		{2DB94D11-9A4C-4602-B259-D959736B0A4C}.Release|x86.Build.0 = Release|x86
		{3618920B-E154-4CD3-9B15-8DE97362F304}.Debug|Any CPU.ActiveCfg = Debug|Any CPU
		{3618920B-E154-4CD3-9B15-8DE97362F304}.Debug|Any CPU.Build.0 = Debug|Any CPU
		{3618920B-E154-4CD3-9B15-8DE97362F304}.Debug|x64.ActiveCfg = Debug|x64
		{3618920B-E154-4CD3-9B15-8DE97362F304}.Debug|x64.Build.0 = Debug|x64
		{3618920B-E154-4CD3-9B15-8DE97362F304}.Debug|x86.ActiveCfg = Debug|x86
		{3618920B-E154-4CD3-9B15-8DE97362F304}.Debug|x86.Build.0 = Debug|x86
		{3618920B-E154-4CD3-9B15-8DE97362F304}.Release|Any CPU.ActiveCfg = Release|Any CPU
		{3618920B-E154-4CD3-9B15-8DE97362F304}.Release|Any CPU.Build.0 = Release|Any CPU
		{3618920B-E154-4CD3-9B15-8DE97362F304}.Release|x64.ActiveCfg = Release|x64
		{3618920B-E154-4CD3-9B15-8DE97362F304}.Release|x64.Build.0 = Release|x64
		{3618920B-E154-4CD3-9B15-8DE97362F304}.Release|x86.ActiveCfg = Release|x86
		{3618920B-E154-4CD3-9B15-8DE97362F304}.Release|x86.Build.0 = Release|x86
		{8C22B84D-9818-4A83-B8FF-C9EAAA413E22}.Debug|Any CPU.ActiveCfg = Debug|Any CPU
		{8C22B84D-9818-4A83-B8FF-C9EAAA413E22}.Debug|Any CPU.Build.0 = Debug|Any CPU
		{8C22B84D-9818-4A83-B8FF-C9EAAA413E22}.Debug|x64.ActiveCfg = Debug|x64
		{8C22B84D-9818-4A83-B8FF-C9EAAA413E22}.Debug|x64.Build.0 = Debug|x64
		{8C22B84D-9818-4A83-B8FF-C9EAAA413E22}.Debug|x86.ActiveCfg = Debug|x86
		{8C22B84D-9818-4A83-B8FF-C9EAAA413E22}.Debug|x86.Build.0 = Debug|x86
		{8C22B84D-9818-4A83-B8FF-C9EAAA413E22}.Release|Any CPU.ActiveCfg = Release|Any CPU
		{8C22B84D-9818-4A83-B8FF-C9EAAA413E22}.Release|Any CPU.Build.0 = Release|Any CPU
		{8C22B84D-9818-4A83-B8FF-C9EAAA413E22}.Release|x64.ActiveCfg = Release|x64
		{8C22B84D-9818-4A83-B8FF-C9EAAA413E22}.Release|x64.Build.0 = Release|x64
		{8C22B84D-9818-4A83-B8FF-C9EAAA413E22}.Release|x86.ActiveCfg = Release|x86
		{8C22B84D-9818-4A83-B8FF-C9EAAA413E22}.Release|x86.Build.0 = Release|x86
		{1C1C17F8-8B22-4D07-AA36-9055B0D299CE}.Debug|Any CPU.ActiveCfg = Debug|Any CPU
		{1C1C17F8-8B22-4D07-AA36-9055B0D299CE}.Debug|Any CPU.Build.0 = Debug|Any CPU
		{1C1C17F8-8B22-4D07-AA36-9055B0D299CE}.Debug|x64.ActiveCfg = Debug|x64
		{1C1C17F8-8B22-4D07-AA36-9055B0D299CE}.Debug|x64.Build.0 = Debug|x64
		{1C1C17F8-8B22-4D07-AA36-9055B0D299CE}.Debug|x86.ActiveCfg = Debug|x86
		{1C1C17F8-8B22-4D07-AA36-9055B0D299CE}.Debug|x86.Build.0 = Debug|x86
		{1C1C17F8-8B22-4D07-AA36-9055B0D299CE}.Release|Any CPU.ActiveCfg = Release|Any CPU
		{1C1C17F8-8B22-4D07-AA36-9055B0D299CE}.Release|Any CPU.Build.0 = Release|Any CPU
		{1C1C17F8-8B22-4D07-AA36-9055B0D299CE}.Release|x64.ActiveCfg = Release|x64
		{1C1C17F8-8B22-4D07-AA36-9055B0D299CE}.Release|x64.Build.0 = Release|x64
		{1C1C17F8-8B22-4D07-AA36-9055B0D299CE}.Release|x86.ActiveCfg = Release|x86
		{1C1C17F8-8B22-4D07-AA36-9055B0D299CE}.Release|x86.Build.0 = Release|x86
		{8809D9DA-F928-49F3-95DF-2ABC86E0C041}.Debug|Any CPU.ActiveCfg = Debug|Any CPU
		{8809D9DA-F928-49F3-95DF-2ABC86E0C041}.Debug|Any CPU.Build.0 = Debug|Any CPU
		{8809D9DA-F928-49F3-95DF-2ABC86E0C041}.Debug|x64.ActiveCfg = Debug|x64
		{8809D9DA-F928-49F3-95DF-2ABC86E0C041}.Debug|x64.Build.0 = Debug|x64
		{8809D9DA-F928-49F3-95DF-2ABC86E0C041}.Debug|x86.ActiveCfg = Debug|x86
		{8809D9DA-F928-49F3-95DF-2ABC86E0C041}.Debug|x86.Build.0 = Debug|x86
		{8809D9DA-F928-49F3-95DF-2ABC86E0C041}.Release|Any CPU.ActiveCfg = Release|Any CPU
		{8809D9DA-F928-49F3-95DF-2ABC86E0C041}.Release|Any CPU.Build.0 = Release|Any CPU
		{8809D9DA-F928-49F3-95DF-2ABC86E0C041}.Release|x64.ActiveCfg = Release|x64
		{8809D9DA-F928-49F3-95DF-2ABC86E0C041}.Release|x64.Build.0 = Release|x64
		{8809D9DA-F928-49F3-95DF-2ABC86E0C041}.Release|x86.ActiveCfg = Release|x86
		{8809D9DA-F928-49F3-95DF-2ABC86E0C041}.Release|x86.Build.0 = Release|x86
		{4E0B3B69-C567-42E5-929E-AB476D6B2AE0}.Debug|Any CPU.ActiveCfg = Debug|Any CPU
		{4E0B3B69-C567-42E5-929E-AB476D6B2AE0}.Debug|Any CPU.Build.0 = Debug|Any CPU
		{4E0B3B69-C567-42E5-929E-AB476D6B2AE0}.Debug|x64.ActiveCfg = Debug|x64
		{4E0B3B69-C567-42E5-929E-AB476D6B2AE0}.Debug|x64.Build.0 = Debug|x64
		{4E0B3B69-C567-42E5-929E-AB476D6B2AE0}.Debug|x86.ActiveCfg = Debug|x86
		{4E0B3B69-C567-42E5-929E-AB476D6B2AE0}.Debug|x86.Build.0 = Debug|x86
		{4E0B3B69-C567-42E5-929E-AB476D6B2AE0}.Release|Any CPU.ActiveCfg = Release|Any CPU
		{4E0B3B69-C567-42E5-929E-AB476D6B2AE0}.Release|Any CPU.Build.0 = Release|Any CPU
		{4E0B3B69-C567-42E5-929E-AB476D6B2AE0}.Release|x64.ActiveCfg = Release|x64
		{4E0B3B69-C567-42E5-929E-AB476D6B2AE0}.Release|x64.Build.0 = Release|x64
		{4E0B3B69-C567-42E5-929E-AB476D6B2AE0}.Release|x86.ActiveCfg = Release|x86
		{4E0B3B69-C567-42E5-929E-AB476D6B2AE0}.Release|x86.Build.0 = Release|x86
		{B0A26797-EB72-4C8A-8BDF-B8B5CEB84898}.Debug|Any CPU.ActiveCfg = Debug|Any CPU
		{B0A26797-EB72-4C8A-8BDF-B8B5CEB84898}.Debug|Any CPU.Build.0 = Debug|Any CPU
		{B0A26797-EB72-4C8A-8BDF-B8B5CEB84898}.Debug|x64.ActiveCfg = Debug|x64
		{B0A26797-EB72-4C8A-8BDF-B8B5CEB84898}.Debug|x64.Build.0 = Debug|x64
		{B0A26797-EB72-4C8A-8BDF-B8B5CEB84898}.Debug|x86.ActiveCfg = Debug|x86
		{B0A26797-EB72-4C8A-8BDF-B8B5CEB84898}.Debug|x86.Build.0 = Debug|x86
		{B0A26797-EB72-4C8A-8BDF-B8B5CEB84898}.Release|Any CPU.ActiveCfg = Release|Any CPU
		{B0A26797-EB72-4C8A-8BDF-B8B5CEB84898}.Release|Any CPU.Build.0 = Release|Any CPU
		{B0A26797-EB72-4C8A-8BDF-B8B5CEB84898}.Release|x64.ActiveCfg = Release|x64
		{B0A26797-EB72-4C8A-8BDF-B8B5CEB84898}.Release|x64.Build.0 = Release|x64
		{B0A26797-EB72-4C8A-8BDF-B8B5CEB84898}.Release|x86.ActiveCfg = Release|x86
		{B0A26797-EB72-4C8A-8BDF-B8B5CEB84898}.Release|x86.Build.0 = Release|x86
		{8B5EF57A-07BB-4A74-9E9A-85F4ECAD7478}.Debug|Any CPU.ActiveCfg = Debug|Any CPU
		{8B5EF57A-07BB-4A74-9E9A-85F4ECAD7478}.Debug|Any CPU.Build.0 = Debug|Any CPU
		{8B5EF57A-07BB-4A74-9E9A-85F4ECAD7478}.Debug|x64.ActiveCfg = Debug|x64
		{8B5EF57A-07BB-4A74-9E9A-85F4ECAD7478}.Debug|x64.Build.0 = Debug|x64
		{8B5EF57A-07BB-4A74-9E9A-85F4ECAD7478}.Debug|x86.ActiveCfg = Debug|x86
		{8B5EF57A-07BB-4A74-9E9A-85F4ECAD7478}.Debug|x86.Build.0 = Debug|x86
		{8B5EF57A-07BB-4A74-9E9A-85F4ECAD7478}.Release|Any CPU.ActiveCfg = Release|Any CPU
		{8B5EF57A-07BB-4A74-9E9A-85F4ECAD7478}.Release|Any CPU.Build.0 = Release|Any CPU
		{8B5EF57A-07BB-4A74-9E9A-85F4ECAD7478}.Release|x64.ActiveCfg = Release|x64
		{8B5EF57A-07BB-4A74-9E9A-85F4ECAD7478}.Release|x64.Build.0 = Release|x64
		{8B5EF57A-07BB-4A74-9E9A-85F4ECAD7478}.Release|x86.ActiveCfg = Release|x86
		{8B5EF57A-07BB-4A74-9E9A-85F4ECAD7478}.Release|x86.Build.0 = Release|x86
		{076FB5F2-4618-44AB-8B86-02CF5890D42E}.Debug|Any CPU.ActiveCfg = Debug|Any CPU
		{076FB5F2-4618-44AB-8B86-02CF5890D42E}.Debug|Any CPU.Build.0 = Debug|Any CPU
		{076FB5F2-4618-44AB-8B86-02CF5890D42E}.Debug|x64.ActiveCfg = Debug|x64
		{076FB5F2-4618-44AB-8B86-02CF5890D42E}.Debug|x64.Build.0 = Debug|x64
		{076FB5F2-4618-44AB-8B86-02CF5890D42E}.Debug|x86.ActiveCfg = Debug|x86
		{076FB5F2-4618-44AB-8B86-02CF5890D42E}.Debug|x86.Build.0 = Debug|x86
		{076FB5F2-4618-44AB-8B86-02CF5890D42E}.Release|Any CPU.ActiveCfg = Release|Any CPU
		{076FB5F2-4618-44AB-8B86-02CF5890D42E}.Release|Any CPU.Build.0 = Release|Any CPU
		{076FB5F2-4618-44AB-8B86-02CF5890D42E}.Release|x64.ActiveCfg = Release|x64
		{076FB5F2-4618-44AB-8B86-02CF5890D42E}.Release|x64.Build.0 = Release|x64
		{076FB5F2-4618-44AB-8B86-02CF5890D42E}.Release|x86.ActiveCfg = Release|x86
		{076FB5F2-4618-44AB-8B86-02CF5890D42E}.Release|x86.Build.0 = Release|x86
		{8D70F2C9-4BED-4BA6-8684-F9E385BC6089}.Debug|Any CPU.ActiveCfg = Debug|Any CPU
		{8D70F2C9-4BED-4BA6-8684-F9E385BC6089}.Debug|Any CPU.Build.0 = Debug|Any CPU
		{8D70F2C9-4BED-4BA6-8684-F9E385BC6089}.Debug|x64.ActiveCfg = Debug|x64
		{8D70F2C9-4BED-4BA6-8684-F9E385BC6089}.Debug|x64.Build.0 = Debug|x64
		{8D70F2C9-4BED-4BA6-8684-F9E385BC6089}.Debug|x86.ActiveCfg = Debug|x86
		{8D70F2C9-4BED-4BA6-8684-F9E385BC6089}.Debug|x86.Build.0 = Debug|x86
		{8D70F2C9-4BED-4BA6-8684-F9E385BC6089}.Release|Any CPU.ActiveCfg = Release|Any CPU
		{8D70F2C9-4BED-4BA6-8684-F9E385BC6089}.Release|Any CPU.Build.0 = Release|Any CPU
		{8D70F2C9-4BED-4BA6-8684-F9E385BC6089}.Release|x64.ActiveCfg = Release|x64
		{8D70F2C9-4BED-4BA6-8684-F9E385BC6089}.Release|x64.Build.0 = Release|x64
		{8D70F2C9-4BED-4BA6-8684-F9E385BC6089}.Release|x86.ActiveCfg = Release|x86
		{8D70F2C9-4BED-4BA6-8684-F9E385BC6089}.Release|x86.Build.0 = Release|x86
		{6B61E75D-6B59-465A-9622-37E27F3109B0}.Debug|Any CPU.ActiveCfg = Debug|Any CPU
		{6B61E75D-6B59-465A-9622-37E27F3109B0}.Debug|Any CPU.Build.0 = Debug|Any CPU
		{6B61E75D-6B59-465A-9622-37E27F3109B0}.Debug|x64.ActiveCfg = Debug|x64
		{6B61E75D-6B59-465A-9622-37E27F3109B0}.Debug|x64.Build.0 = Debug|x64
		{6B61E75D-6B59-465A-9622-37E27F3109B0}.Debug|x86.ActiveCfg = Debug|x86
		{6B61E75D-6B59-465A-9622-37E27F3109B0}.Debug|x86.Build.0 = Debug|x86
		{6B61E75D-6B59-465A-9622-37E27F3109B0}.Release|Any CPU.ActiveCfg = Release|Any CPU
		{6B61E75D-6B59-465A-9622-37E27F3109B0}.Release|Any CPU.Build.0 = Release|Any CPU
		{6B61E75D-6B59-465A-9622-37E27F3109B0}.Release|x64.ActiveCfg = Release|x64
		{6B61E75D-6B59-465A-9622-37E27F3109B0}.Release|x64.Build.0 = Release|x64
		{6B61E75D-6B59-465A-9622-37E27F3109B0}.Release|x86.ActiveCfg = Release|x86
		{6B61E75D-6B59-465A-9622-37E27F3109B0}.Release|x86.Build.0 = Release|x86
		{DF75F175-4C60-41F6-8DF3-09B15EAFF142}.Debug|Any CPU.ActiveCfg = Debug|Any CPU
		{DF75F175-4C60-41F6-8DF3-09B15EAFF142}.Debug|Any CPU.Build.0 = Debug|Any CPU
		{DF75F175-4C60-41F6-8DF3-09B15EAFF142}.Debug|x64.ActiveCfg = Debug|x64
		{DF75F175-4C60-41F6-8DF3-09B15EAFF142}.Debug|x64.Build.0 = Debug|x64
		{DF75F175-4C60-41F6-8DF3-09B15EAFF142}.Debug|x86.ActiveCfg = Debug|x86
		{DF75F175-4C60-41F6-8DF3-09B15EAFF142}.Debug|x86.Build.0 = Debug|x86
		{DF75F175-4C60-41F6-8DF3-09B15EAFF142}.Release|Any CPU.ActiveCfg = Release|Any CPU
		{DF75F175-4C60-41F6-8DF3-09B15EAFF142}.Release|Any CPU.Build.0 = Release|Any CPU
		{DF75F175-4C60-41F6-8DF3-09B15EAFF142}.Release|x64.ActiveCfg = Release|x64
		{DF75F175-4C60-41F6-8DF3-09B15EAFF142}.Release|x64.Build.0 = Release|x64
		{DF75F175-4C60-41F6-8DF3-09B15EAFF142}.Release|x86.ActiveCfg = Release|x86
		{DF75F175-4C60-41F6-8DF3-09B15EAFF142}.Release|x86.Build.0 = Release|x86
	EndGlobalSection
	GlobalSection(NestedProjects) = preSolution
		{93C490C7-854F-499C-90DA-3E96FB8E66F5} = {E942E23C-7A77-49AF-B9BD-45473F27F148}
		{99BA17D3-5E96-4F0A-A02F-68F9AE500E57} = {E942E23C-7A77-49AF-B9BD-45473F27F148}
		{2DB94D11-9A4C-4602-B259-D959736B0A4C} = {E942E23C-7A77-49AF-B9BD-45473F27F148}
		{3618920B-E154-4CD3-9B15-8DE97362F304} = {E942E23C-7A77-49AF-B9BD-45473F27F148}
		{8C22B84D-9818-4A83-B8FF-C9EAAA413E22} = {E942E23C-7A77-49AF-B9BD-45473F27F148}
		{1C1C17F8-8B22-4D07-AA36-9055B0D299CE} = {E942E23C-7A77-49AF-B9BD-45473F27F148}
		{8809D9DA-F928-49F3-95DF-2ABC86E0C041} = {E942E23C-7A77-49AF-B9BD-45473F27F148}
		{4E0B3B69-C567-42E5-929E-AB476D6B2AE0} = {CA27A14E-1969-497C-B46B-000451E9EAEC}
		{8C5D01A0-6F8C-48B4-BC23-CE841A5A77F3} = {CA27A14E-1969-497C-B46B-000451E9EAEC}
		{B0A26797-EB72-4C8A-8BDF-B8B5CEB84898} = {8C5D01A0-6F8C-48B4-BC23-CE841A5A77F3}
		{5C71E6AA-FC35-4873-9787-E390B21E15FA} = {CA27A14E-1969-497C-B46B-000451E9EAEC}
		{8B5EF57A-07BB-4A74-9E9A-85F4ECAD7478} = {5C71E6AA-FC35-4873-9787-E390B21E15FA}
		{076FB5F2-4618-44AB-8B86-02CF5890D42E} = {5C71E6AA-FC35-4873-9787-E390B21E15FA}
		{8D70F2C9-4BED-4BA6-8684-F9E385BC6089} = {CA27A14E-1969-497C-B46B-000451E9EAEC}
		{6B61E75D-6B59-465A-9622-37E27F3109B0} = {CA27A14E-1969-497C-B46B-000451E9EAEC}
		{D72E486E-B585-4AC8-9CDC-E6AA50BD1E6D} = {E942E23C-7A77-49AF-B9BD-45473F27F148}
		{DF75F175-4C60-41F6-8DF3-09B15EAFF142} = {D72E486E-B585-4AC8-9CDC-E6AA50BD1E6D}
	EndGlobalSection
EndGlobal
