
Microsoft Visual Studio Solution File, Format Version 12.00
# Visual Studio 15
VisualStudioVersion = 15.0.26124.0
MinimumVisualStudioVersion = 15.0.26124.0
Project("{FAE04EC0-301F-11D3-BF4B-00C04F79EFBC}") = "Tug.Base", "Tug.Base\Tug.Base.csproj", "{72E5670B-3FDA-4180-962F-804D7A80EE12}"
EndProject
Project("{FAE04EC0-301F-11D3-BF4B-00C04F79EFBC}") = "Tug.Server.Base", "Tug.Server.Base\Tug.Server.Base.csproj", "{303132A0-96E1-4A2B-AD1A-026D75DCDBD2}"
EndProject
Project("{FAE04EC0-301F-11D3-BF4B-00C04F79EFBC}") = "Tug.Client", "Tug.Client\Tug.Client.csproj", "{BAB1F5E3-91B4-4944-A170-801D642749E8}"
EndProject
Project("{FAE04EC0-301F-11D3-BF4B-00C04F79EFBC}") = "Tug.Server", "Tug.Server\Tug.Server.csproj", "{CB583061-CAA3-4EA8-B061-3200366ED97C}"
EndProject
Project("{FAE04EC0-301F-11D3-BF4B-00C04F79EFBC}") = "Tug.Server.Providers.Ps5DscHandler", "Tug.Server.Providers.Ps5DscHandler\Tug.Server.Providers.Ps5DscHandler.csproj", "{B92E6A1B-1CBA-495C-B4ED-6E7C3C5075FD}"
EndProject
Project("{FAE04EC0-301F-11D3-BF4B-00C04F79EFBC}") = "Tug.Server.FaaS.AwsLambda", "Tug.Server.FaaS.AwsLambda\Tug.Server.FaaS.AwsLambda.csproj", "{C15AD4B9-719C-450F-8440-AB2B2FB9AF70}"
EndProject
Global
	GlobalSection(SolutionConfigurationPlatforms) = preSolution
		Debug|Any CPU = Debug|Any CPU
		Debug|x64 = Debug|x64
		Debug|x86 = Debug|x86
		Release|Any CPU = Release|Any CPU
		Release|x64 = Release|x64
		Release|x86 = Release|x86
	EndGlobalSection
	GlobalSection(SolutionProperties) = preSolution
		HideSolutionNode = FALSE
	EndGlobalSection
	GlobalSection(ProjectConfigurationPlatforms) = postSolution
		{72E5670B-3FDA-4180-962F-804D7A80EE12}.Debug|Any CPU.ActiveCfg = Debug|Any CPU
		{72E5670B-3FDA-4180-962F-804D7A80EE12}.Debug|Any CPU.Build.0 = Debug|Any CPU
		{72E5670B-3FDA-4180-962F-804D7A80EE12}.Debug|x64.ActiveCfg = Debug|x64
		{72E5670B-3FDA-4180-962F-804D7A80EE12}.Debug|x64.Build.0 = Debug|x64
		{72E5670B-3FDA-4180-962F-804D7A80EE12}.Debug|x86.ActiveCfg = Debug|x86
		{72E5670B-3FDA-4180-962F-804D7A80EE12}.Debug|x86.Build.0 = Debug|x86
		{72E5670B-3FDA-4180-962F-804D7A80EE12}.Release|Any CPU.ActiveCfg = Release|Any CPU
		{72E5670B-3FDA-4180-962F-804D7A80EE12}.Release|Any CPU.Build.0 = Release|Any CPU
		{72E5670B-3FDA-4180-962F-804D7A80EE12}.Release|x64.ActiveCfg = Release|x64
		{72E5670B-3FDA-4180-962F-804D7A80EE12}.Release|x64.Build.0 = Release|x64
		{72E5670B-3FDA-4180-962F-804D7A80EE12}.Release|x86.ActiveCfg = Release|x86
		{72E5670B-3FDA-4180-962F-804D7A80EE12}.Release|x86.Build.0 = Release|x86
		{303132A0-96E1-4A2B-AD1A-026D75DCDBD2}.Debug|Any CPU.ActiveCfg = Debug|Any CPU
		{303132A0-96E1-4A2B-AD1A-026D75DCDBD2}.Debug|Any CPU.Build.0 = Debug|Any CPU
		{303132A0-96E1-4A2B-AD1A-026D75DCDBD2}.Debug|x64.ActiveCfg = Debug|x64
		{303132A0-96E1-4A2B-AD1A-026D75DCDBD2}.Debug|x64.Build.0 = Debug|x64
		{303132A0-96E1-4A2B-AD1A-026D75DCDBD2}.Debug|x86.ActiveCfg = Debug|x86
		{303132A0-96E1-4A2B-AD1A-026D75DCDBD2}.Debug|x86.Build.0 = Debug|x86
		{303132A0-96E1-4A2B-AD1A-026D75DCDBD2}.Release|Any CPU.ActiveCfg = Release|Any CPU
		{303132A0-96E1-4A2B-AD1A-026D75DCDBD2}.Release|Any CPU.Build.0 = Release|Any CPU
		{303132A0-96E1-4A2B-AD1A-026D75DCDBD2}.Release|x64.ActiveCfg = Release|x64
		{303132A0-96E1-4A2B-AD1A-026D75DCDBD2}.Release|x64.Build.0 = Release|x64
		{303132A0-96E1-4A2B-AD1A-026D75DCDBD2}.Release|x86.ActiveCfg = Release|x86
		{303132A0-96E1-4A2B-AD1A-026D75DCDBD2}.Release|x86.Build.0 = Release|x86
		{BAB1F5E3-91B4-4944-A170-801D642749E8}.Debug|Any CPU.ActiveCfg = Debug|Any CPU
		{BAB1F5E3-91B4-4944-A170-801D642749E8}.Debug|Any CPU.Build.0 = Debug|Any CPU
		{BAB1F5E3-91B4-4944-A170-801D642749E8}.Debug|x64.ActiveCfg = Debug|x64
		{BAB1F5E3-91B4-4944-A170-801D642749E8}.Debug|x64.Build.0 = Debug|x64
		{BAB1F5E3-91B4-4944-A170-801D642749E8}.Debug|x86.ActiveCfg = Debug|x86
		{BAB1F5E3-91B4-4944-A170-801D642749E8}.Debug|x86.Build.0 = Debug|x86
		{BAB1F5E3-91B4-4944-A170-801D642749E8}.Release|Any CPU.ActiveCfg = Release|Any CPU
		{BAB1F5E3-91B4-4944-A170-801D642749E8}.Release|Any CPU.Build.0 = Release|Any CPU
		{BAB1F5E3-91B4-4944-A170-801D642749E8}.Release|x64.ActiveCfg = Release|x64
		{BAB1F5E3-91B4-4944-A170-801D642749E8}.Release|x64.Build.0 = Release|x64
		{BAB1F5E3-91B4-4944-A170-801D642749E8}.Release|x86.ActiveCfg = Release|x86
		{BAB1F5E3-91B4-4944-A170-801D642749E8}.Release|x86.Build.0 = Release|x86
		{CB583061-CAA3-4EA8-B061-3200366ED97C}.Debug|Any CPU.ActiveCfg = Debug|Any CPU
		{CB583061-CAA3-4EA8-B061-3200366ED97C}.Debug|Any CPU.Build.0 = Debug|Any CPU
		{CB583061-CAA3-4EA8-B061-3200366ED97C}.Debug|x64.ActiveCfg = Debug|x64
		{CB583061-CAA3-4EA8-B061-3200366ED97C}.Debug|x64.Build.0 = Debug|x64
		{CB583061-CAA3-4EA8-B061-3200366ED97C}.Debug|x86.ActiveCfg = Debug|x86
		{CB583061-CAA3-4EA8-B061-3200366ED97C}.Debug|x86.Build.0 = Debug|x86
		{CB583061-CAA3-4EA8-B061-3200366ED97C}.Release|Any CPU.ActiveCfg = Release|Any CPU
		{CB583061-CAA3-4EA8-B061-3200366ED97C}.Release|Any CPU.Build.0 = Release|Any CPU
		{CB583061-CAA3-4EA8-B061-3200366ED97C}.Release|x64.ActiveCfg = Release|x64
		{CB583061-CAA3-4EA8-B061-3200366ED97C}.Release|x64.Build.0 = Release|x64
		{CB583061-CAA3-4EA8-B061-3200366ED97C}.Release|x86.ActiveCfg = Release|x86
		{CB583061-CAA3-4EA8-B061-3200366ED97C}.Release|x86.Build.0 = Release|x86
		{B92E6A1B-1CBA-495C-B4ED-6E7C3C5075FD}.Debug|Any CPU.ActiveCfg = Debug|Any CPU
		{B92E6A1B-1CBA-495C-B4ED-6E7C3C5075FD}.Debug|Any CPU.Build.0 = Debug|Any CPU
		{B92E6A1B-1CBA-495C-B4ED-6E7C3C5075FD}.Debug|x64.ActiveCfg = Debug|x64
		{B92E6A1B-1CBA-495C-B4ED-6E7C3C5075FD}.Debug|x64.Build.0 = Debug|x64
		{B92E6A1B-1CBA-495C-B4ED-6E7C3C5075FD}.Debug|x86.ActiveCfg = Debug|x86
		{B92E6A1B-1CBA-495C-B4ED-6E7C3C5075FD}.Debug|x86.Build.0 = Debug|x86
		{B92E6A1B-1CBA-495C-B4ED-6E7C3C5075FD}.Release|Any CPU.ActiveCfg = Release|Any CPU
		{B92E6A1B-1CBA-495C-B4ED-6E7C3C5075FD}.Release|Any CPU.Build.0 = Release|Any CPU
		{B92E6A1B-1CBA-495C-B4ED-6E7C3C5075FD}.Release|x64.ActiveCfg = Release|x64
		{B92E6A1B-1CBA-495C-B4ED-6E7C3C5075FD}.Release|x64.Build.0 = Release|x64
		{B92E6A1B-1CBA-495C-B4ED-6E7C3C5075FD}.Release|x86.ActiveCfg = Release|x86
		{B92E6A1B-1CBA-495C-B4ED-6E7C3C5075FD}.Release|x86.Build.0 = Release|x86
		{C15AD4B9-719C-450F-8440-AB2B2FB9AF70}.Debug|Any CPU.ActiveCfg = Debug|Any CPU
		{C15AD4B9-719C-450F-8440-AB2B2FB9AF70}.Debug|Any CPU.Build.0 = Debug|Any CPU
		{C15AD4B9-719C-450F-8440-AB2B2FB9AF70}.Debug|x64.ActiveCfg = Debug|x64
		{C15AD4B9-719C-450F-8440-AB2B2FB9AF70}.Debug|x64.Build.0 = Debug|x64
		{C15AD4B9-719C-450F-8440-AB2B2FB9AF70}.Debug|x86.ActiveCfg = Debug|x86
		{C15AD4B9-719C-450F-8440-AB2B2FB9AF70}.Debug|x86.Build.0 = Debug|x86
		{C15AD4B9-719C-450F-8440-AB2B2FB9AF70}.Release|Any CPU.ActiveCfg = Release|Any CPU
		{C15AD4B9-719C-450F-8440-AB2B2FB9AF70}.Release|Any CPU.Build.0 = Release|Any CPU
		{C15AD4B9-719C-450F-8440-AB2B2FB9AF70}.Release|x64.ActiveCfg = Release|x64
		{C15AD4B9-719C-450F-8440-AB2B2FB9AF70}.Release|x64.Build.0 = Release|x64
		{C15AD4B9-719C-450F-8440-AB2B2FB9AF70}.Release|x86.ActiveCfg = Release|x86
		{C15AD4B9-719C-450F-8440-AB2B2FB9AF70}.Release|x86.Build.0 = Release|x86
	EndGlobalSection
EndGlobal
